<?xml version="1.0" encoding="utf-8"?>
<Project ToolsVersion="14.0" xmlns="http://schemas.microsoft.com/developer/msbuild/2003">
  <ItemGroup>
    <Filter Include="Common">
      <UniqueIdentifier>187d3e60-961a-41ee-bc18-c510a431d22e</UniqueIdentifier>
    </Filter>
    <Filter Include="Assets">
      <UniqueIdentifier>f8868b9a-1bec-48df-b4b6-294815dc7a5d</UniqueIdentifier>
      <Extensions>bmp;fbx;gif;jpg;jpeg;tga;tiff;tif;png</Extensions>
    </Filter>
    <Filter Include="Cocos2dEngine">
      <UniqueIdentifier>{6b9ca606-5a38-4479-a7ec-01bdfeda67bc}</UniqueIdentifier>
    </Filter>
    <Filter Include="Classes">
      <UniqueIdentifier>{a18967bc-4fa1-4c67-bf7e-3f9c8b6a1129}</UniqueIdentifier>
    </Filter>
    <Filter Include="Classes\Windy">
      <UniqueIdentifier>{84aefd6d-cb96-4240-a936-59176e75be08}</UniqueIdentifier>
    </Filter>
    <Filter Include="Classes\Game">
      <UniqueIdentifier>{2da7aff4-50b2-4834-acb4-d9d531a522dc}</UniqueIdentifier>
    </Filter>
    <Filter Include="Classes\External">
      <UniqueIdentifier>{b545cf0c-f9a6-46cf-8209-f02b0524d24a}</UniqueIdentifier>
    </Filter>
    <Filter Include="Classes\External\tao">
      <UniqueIdentifier>{fdb249a9-9cac-4085-88ad-307932445959}</UniqueIdentifier>
    </Filter>
    <Filter Include="Classes\External\tao\json">
      <UniqueIdentifier>{3e8781b1-f4bb-4b19-98df-83ba09e38c45}</UniqueIdentifier>
    </Filter>
    <Filter Include="Classes\External\tao\pegtl">
      <UniqueIdentifier>{77422852-fb2f-4d84-ba5e-65734e25014a}</UniqueIdentifier>
    </Filter>
    <Filter Include="Classes\Windy\Entities">
      <UniqueIdentifier>{d4beb3e4-3230-4c87-b1be-fb51b4bef74e}</UniqueIdentifier>
    </Filter>
    <Filter Include="Classes\Game\Entities">
      <UniqueIdentifier>{1acbdfff-4133-4291-89bc-5e08edd3e4ee}</UniqueIdentifier>
    </Filter>
    <Filter Include="Classes\Game\Entities\Enemies">
      <UniqueIdentifier>{efc48457-3174-4df8-8f6b-c279aca76c04}</UniqueIdentifier>
    </Filter>
    <Filter Include="Classes\Game\Entities\Special">
      <UniqueIdentifier>{4e5fbcb0-42ef-46cf-bde2-1c71626ba812}</UniqueIdentifier>
    </Filter>
    <Filter Include="Classes\Game\Entities\Logic">
      <UniqueIdentifier>{1bebc789-425e-49ee-99ab-6b432f003460}</UniqueIdentifier>
    </Filter>
    <Filter Include="Classes\Game\Entities\Animations">
      <UniqueIdentifier>{1b68be9e-e7b5-42be-83bb-61490534daa2}</UniqueIdentifier>
    </Filter>
    <Filter Include="Classes\Game\Entities\Items">
      <UniqueIdentifier>{55f9c993-9f4d-4443-8d1c-fae152ee8372}</UniqueIdentifier>
    </Filter>
    <Filter Include="Classes\Game\Entities\Player">
      <UniqueIdentifier>{8e35794d-7972-45ff-8d3c-33c1132bc873}</UniqueIdentifier>
    </Filter>
    <Filter Include="Classes\Game\Entities\Weapons">
      <UniqueIdentifier>{90f45b8f-d590-4a90-8a68-9f777dc528eb}</UniqueIdentifier>
    </Filter>
    <Filter Include="Classes\Game\Entities\Enemies\Common">
      <UniqueIdentifier>{52679dfd-df5c-4db8-b3ed-96b6a37e75c4}</UniqueIdentifier>
    </Filter>
    <Filter Include="Classes\Game\Entities\Enemies\Sheriff">
      <UniqueIdentifier>{9f28e5a6-7a80-4a80-85eb-703d8028c009}</UniqueIdentifier>
    </Filter>
    <Filter Include="Classes\Game\Entities\UI">
      <UniqueIdentifier>{594b0720-e5ac-4265-8be7-2ca17ac8c43a}</UniqueIdentifier>
    </Filter>
    <Filter Include="Classes\Game\Entities\Scenery">
      <UniqueIdentifier>{84824ad7-5f74-49d8-8b83-f3c766d1a895}</UniqueIdentifier>
    </Filter>
    <Filter Include="Classes\Game\Entities\Scenery\Sheriff">
      <UniqueIdentifier>{b4dee76f-8010-4db1-af86-a2b36013b28f}</UniqueIdentifier>
    </Filter>
    <Filter Include="Classes\Game\Entities\Scenery\General">
      <UniqueIdentifier>{f5686a9b-ef36-4634-bf3a-e81823c635c3}</UniqueIdentifier>
    </Filter>
    <Filter Include="Classes\Game\Entities\Boss">
      <UniqueIdentifier>{d72e2e0b-b690-40bf-b864-aefe53abdb24}</UniqueIdentifier>
    </Filter>
    <Filter Include="Classes\Game\Entities\UI\Pause">
      <UniqueIdentifier>{bdf75c4d-c561-4560-a29e-a6e9f4a77ffa}</UniqueIdentifier>
    </Filter>
    <Filter Include="Classes\Game\Entities\Enemies\Military">
      <UniqueIdentifier>{b4e175e5-3b2b-4a19-9723-a840bb1c06d2}</UniqueIdentifier>
    </Filter>
  </ItemGroup>
  <ItemGroup>
    <ApplicationDefinition Include="App.xaml" />
  </ItemGroup>
  <ItemGroup>
    <ClCompile Include="App.xaml.cpp" />
    <ClCompile Include="Cocos2dEngine\Cocos2dRenderer.cpp">
      <Filter>Cocos2dEngine</Filter>
    </ClCompile>
    <ClCompile Include="Cocos2dEngine\OpenGLES.cpp">
      <Filter>Cocos2dEngine</Filter>
    </ClCompile>
    <ClCompile Include="pch.cpp" />
    <ClCompile Include="Cocos2dEngine\OpenGLESPage.xaml.cpp" />
    <ClCompile Include="..\..\Classes\AppDelegate.cpp">
      <Filter>Classes</Filter>
    </ClCompile>
    <ClCompile Include="..\..\Classes\Windy\AudioManager.cpp">
      <Filter>Classes\Windy</Filter>
    </ClCompile>
    <ClCompile Include="..\..\Classes\Windy\Label.cpp">
      <Filter>Classes\Windy</Filter>
    </ClCompile>
    <ClCompile Include="..\..\Classes\Windy\Sprite.cpp">
      <Filter>Classes\Windy</Filter>
    </ClCompile>
    <ClCompile Include="..\..\Classes\Game\WeaponAcquireScene.cpp">
      <Filter>Classes\Game</Filter>
    </ClCompile>
    <ClCompile Include="..\..\Classes\Game\Computer.cpp">
      <Filter>Classes\Game</Filter>
    </ClCompile>
    <ClCompile Include="..\..\Classes\Game\GameScene.cpp">
      <Filter>Classes\Game</Filter>
    </ClCompile>
    <ClCompile Include="..\..\Classes\Game\StageSelectScene.cpp">
      <Filter>Classes\Game</Filter>
    </ClCompile>
    <ClCompile Include="..\..\Classes\Game\GameManager.cpp">
      <Filter>Classes\Game</Filter>
    </ClCompile>
    <ClCompile Include="..\..\Classes\Game\GameStateMachine.cpp">
      <Filter>Classes\Game</Filter>
    </ClCompile>
    <ClCompile Include="..\..\Classes\Game\TitleScene.cpp">
      <Filter>Classes\Game</Filter>
    </ClCompile>
    <ClCompile Include="..\..\Classes\Game\AbakuraScene.cpp">
      <Filter>Classes\Game</Filter>
    </ClCompile>
    <ClCompile Include="..\..\Classes\Game\IntroScene.cpp">
      <Filter>Classes\Game</Filter>
    </ClCompile>
    <ClCompile Include="..\..\Classes\Game\OptionsScene.cpp">
      <Filter>Classes\Game</Filter>
    </ClCompile>
    <ClCompile Include="..\..\Classes\Game\SaveScene.cpp">
      <Filter>Classes\Game</Filter>
    </ClCompile>
    <ClCompile Include="..\..\Classes\Windy\SpriteDefinition.cpp">
      <Filter>Classes\Windy</Filter>
    </ClCompile>
    <ClCompile Include="..\..\Classes\Windy\Input.cpp">
      <Filter>Classes\Windy</Filter>
    </ClCompile>
    <ClCompile Include="..\..\Classes\Windy\Settings.cpp">
      <Filter>Classes\Windy</Filter>
    </ClCompile>
    <ClCompile Include="..\..\Classes\Game\BossIntroScene.cpp">
      <Filter>Classes\Game</Filter>
    </ClCompile>
    <ClCompile Include="..\..\Classes\Windy\InfiniteParallax.cpp">
      <Filter>Classes\Windy</Filter>
    </ClCompile>
    <ClCompile Include="..\..\Classes\Game\Intro.cpp">
      <Filter>Classes\Game</Filter>
    </ClCompile>
    <ClCompile Include="..\..\Classes\Windy\Level.cpp">
      <Filter>Classes\Windy</Filter>
    </ClCompile>
    <ClCompile Include="..\..\Classes\Windy\Entities\Logical.cpp">
      <Filter>Classes\Windy\Entities</Filter>
    </ClCompile>
    <ClCompile Include="..\..\Classes\Windy\Entities\Block.cpp">
      <Filter>Classes\Windy\Entities</Filter>
    </ClCompile>
    <ClCompile Include="..\..\Classes\Windy\Entities\Camera.cpp">
      <Filter>Classes\Windy\Entities</Filter>
    </ClCompile>
    <ClCompile Include="..\..\Classes\Windy\Entities\Checkpoint.cpp">
      <Filter>Classes\Windy\Entities</Filter>
    </ClCompile>
    <ClCompile Include="..\..\Classes\Windy\Entities\Door.cpp">
      <Filter>Classes\Windy\Entities</Filter>
    </ClCompile>
    <ClCompile Include="..\..\Classes\Windy\Armature.cpp">
      <Filter>Classes\Windy</Filter>
    </ClCompile>
    <ClCompile Include="..\..\Classes\Windy\Entities\Bounds.cpp">
      <Filter>Classes\Windy\Entities</Filter>
    </ClCompile>
    <ClCompile Include="..\..\Classes\Windy\Entities\Player.cpp">
      <Filter>Classes\Windy\Entities</Filter>
    </ClCompile>
    <ClCompile Include="..\..\Classes\Windy\CameraFlags.h">
      <Filter>Classes\Windy</Filter>
    </ClCompile>
    <ClCompile Include="..\..\Classes\Windy\Entities\CameraScroll.cpp">
      <Filter>Classes\Windy\Entities</Filter>
    </ClCompile>
    <ClCompile Include="..\..\Classes\Windy\DebugDrawNode.cpp">
      <Filter>Classes\Windy</Filter>
    </ClCompile>
    <ClCompile Include="..\..\Classes\Windy\PhysicsWorld.cpp">
      <Filter>Classes\Windy</Filter>
    </ClCompile>
    <ClCompile Include="..\..\Classes\Windy\Entities\Browner.cpp">
      <Filter>Classes\Windy\Entities</Filter>
    </ClCompile>
    <ClCompile Include="..\..\Classes\Windy\Entities\Ladder.cpp">
      <Filter>Classes\Windy\Entities</Filter>
    </ClCompile>
    <ClCompile Include="..\..\Classes\Windy\Entities\Weapon.cpp">
      <Filter>Classes\Windy\Entities</Filter>
    </ClCompile>
    <ClCompile Include="..\..\Classes\Windy\ObjectManager.cpp">
      <Filter>Classes\Windy</Filter>
    </ClCompile>
    <ClCompile Include="..\..\Classes\Windy\LandscapeTile.cpp">
      <Filter>Classes\Windy</Filter>
    </ClCompile>
    <ClCompile Include="..\..\Classes\Windy\Entities\Enemy.cpp">
      <Filter>Classes\Windy\Entities</Filter>
    </ClCompile>
    <ClCompile Include="..\..\Classes\Windy\Entities\Item.cpp">
      <Filter>Classes\Windy\Entities</Filter>
    </ClCompile>
    <ClCompile Include="..\..\Classes\Game\Entities\Player\GamePlayer.cpp">
      <Filter>Classes\Game\Entities\Player</Filter>
    </ClCompile>
    <ClCompile Include="..\..\Classes\Game\Entities\Player\VioletBrowner.cpp">
      <Filter>Classes\Game\Entities\Player</Filter>
    </ClCompile>
    <ClCompile Include="..\..\Classes\Game\Entities\Weapons\DirectionalBullet.cpp">
      <Filter>Classes\Game\Entities\Weapons</Filter>
    </ClCompile>
    <ClCompile Include="..\..\Classes\Game\Entities\Weapons\VioletBullet.cpp">
      <Filter>Classes\Game\Entities\Weapons</Filter>
    </ClCompile>
    <ClCompile Include="..\..\Classes\Game\Entities\Items\GameItem.cpp">
      <Filter>Classes\Game\Entities\Items</Filter>
    </ClCompile>
    <ClCompile Include="..\..\Classes\Game\Entities\Special\GameVerticalDoor.cpp">
      <Filter>Classes\Game\Entities\Special</Filter>
    </ClCompile>
    <ClCompile Include="..\..\Classes\Game\Entities\Enemies\GameEnemy.cpp">
      <Filter>Classes\Game\Entities\Enemies</Filter>
    </ClCompile>
    <ClCompile Include="..\..\Classes\Game\Entities\Enemies\Common\CannonJoe.cpp">
      <Filter>Classes\Game\Entities\Enemies\Common</Filter>
    </ClCompile>
    <ClCompile Include="..\..\Classes\Game\Entities\Special\GameHorizontalDoor.cpp">
      <Filter>Classes\Game\Entities\Special</Filter>
    </ClCompile>
    <ClCompile Include="..\..\Classes\Game\Entities\Enemies\Sheriff\Tremor.cpp">
      <Filter>Classes\Game\Entities\Enemies\Sheriff</Filter>
    </ClCompile>
    <ClCompile Include="..\..\Classes\Game\Entities\Enemies\Sheriff\TremorTail.cpp">
      <Filter>Classes\Game\Entities\Enemies\Sheriff</Filter>
    </ClCompile>
    <ClCompile Include="..\..\Classes\Game\Entities\Weapons\TremorDrill.cpp">
      <Filter>Classes\Game\Entities\Weapons</Filter>
    </ClCompile>
    <ClCompile Include="..\..\Classes\Game\Entities\Weapons\TremorLaser.cpp">
      <Filter>Classes\Game\Entities\Weapons</Filter>
    </ClCompile>
    <ClCompile Include="..\..\Classes\Game\Entities\Enemies\Common\Sumatran.cpp">
      <Filter>Classes\Game\Entities\Enemies\Common</Filter>
    </ClCompile>
    <ClCompile Include="..\..\Classes\Game\Entities\Enemies\Common\Subeil.cpp">
      <Filter>Classes\Game\Entities\Enemies\Common</Filter>
    </ClCompile>
    <ClCompile Include="..\..\Classes\Game\Entities\Enemies\Common\Lyric.cpp">
      <Filter>Classes\Game\Entities\Enemies\Common</Filter>
    </ClCompile>
    <ClCompile Include="..\..\Classes\Game\Entities\Enemies\Common\Taban.cpp">
      <Filter>Classes\Game\Entities\Enemies\Common</Filter>
    </ClCompile>
    <ClCompile Include="..\..\Classes\Game\Entities\Enemies\Sheriff\Cow.cpp">
      <Filter>Classes\Game\Entities\Enemies\Sheriff</Filter>
    </ClCompile>
    <ClCompile Include="..\..\Classes\Game\Entities\Enemies\Sheriff\Barrel.cpp">
      <Filter>Classes\Game\Entities\Enemies\Sheriff</Filter>
    </ClCompile>
    <ClCompile Include="..\..\Classes\Game\Entities\Enemies\Sheriff\JetBird.cpp">
      <Filter>Classes\Game\Entities\Enemies\Sheriff</Filter>
    </ClCompile>
    <ClCompile Include="..\..\Classes\Windy\Entities\Scroll.cpp">
      <Filter>Classes\Windy\Entities</Filter>
    </ClCompile>
    <ClCompile Include="..\..\Classes\Windy\Entities\BarMeter.cpp">
      <Filter>Classes\Windy\Entities</Filter>
    </ClCompile>
    <ClCompile Include="..\..\Classes\Windy\Entities\Gui.cpp">
      <Filter>Classes\Windy\Entities</Filter>
    </ClCompile>
    <ClCompile Include="..\..\Classes\Game\Entities\UI\EnergyBar.cpp">
      <Filter>Classes\Game\Entities\UI</Filter>
    </ClCompile>
    <ClCompile Include="..\..\Classes\Game\Entities\UI\GameGui.cpp">
      <Filter>Classes\Game\Entities\UI</Filter>
    </ClCompile>
    <ClCompile Include="..\..\Classes\Game\Entities\Scenery\Sheriff\Disk.cpp">
      <Filter>Classes\Game\Entities\Scenery\Sheriff</Filter>
    </ClCompile>
    <ClCompile Include="..\..\Classes\Game\Entities\Scenery\General\GameExplosion.cpp">
      <Filter>Classes\Game\Entities\Scenery\General</Filter>
    </ClCompile>
    <ClCompile Include="..\..\Classes\Windy\Entities\Animation.cpp">
      <Filter>Classes\Windy\Entities</Filter>
    </ClCompile>
    <ClCompile Include="..\..\Classes\Windy\Entities\Explosion.cpp">
      <Filter>Classes\Windy\Entities</Filter>
    </ClCompile>
    <ClCompile Include="..\..\Classes\Windy\Entities\LevelController.cpp">
      <Filter>Classes\Windy\Entities</Filter>
    </ClCompile>
    <ClCompile Include="..\..\Classes\Game\Entities\Logic\GameLevelController.cpp">
      <Filter>Classes\Game\Entities\Logic</Filter>
    </ClCompile>
    <ClCompile Include="..\..\Classes\Windy\Entities\Teleporter.cpp">
      <Filter>Classes\Windy\Entities</Filter>
    </ClCompile>
    <ClCompile Include="..\..\Classes\Game\Entities\Player\HelmetBrowner.cpp">
      <Filter>Classes\Game\Entities\Player</Filter>
    </ClCompile>
    <ClCompile Include="..\..\Classes\Game\Entities\Player\TeleportBrowner.cpp">
      <Filter>Classes\Game\Entities\Player</Filter>
    </ClCompile>
    <ClCompile Include="..\..\Classes\Windy\Entities\Boss.cpp">
      <Filter>Classes\Windy\Entities</Filter>
    </ClCompile>
    <ClCompile Include="..\..\Classes\Game\Entities\Boss\SheriffMan.cpp">
      <Filter>Classes\Game\Entities\Boss</Filter>
    </ClCompile>
    <ClCompile Include="..\..\Classes\Game\Entities\Boss\GameBoss.cpp">
      <Filter>Classes\Game\Entities\Boss</Filter>
    </ClCompile>
    <ClCompile Include="..\..\Classes\Game\Entities\Player\SheriffBrowner.cpp">
      <Filter>Classes\Game\Entities\Player</Filter>
    </ClCompile>
    <ClCompile Include="..\..\Classes\Game\Entities\UI\Pause\PauseInterruptor.cpp">
      <Filter>Classes\Game\Entities\UI\Pause</Filter>
    </ClCompile>
    <ClCompile Include="..\..\Classes\Game\Entities\UI\Pause\PauseSelector.cpp">
      <Filter>Classes\Game\Entities\UI\Pause</Filter>
    </ClCompile>
    <ClCompile Include="..\..\Classes\Game\Entities\UI\Pause\PauseAnimation.cpp">
      <Filter>Classes\Game\Entities\UI\Pause</Filter>
    </ClCompile>
    <ClCompile Include="..\..\Classes\Game\Entities\UI\Pause\PauseMenu.cpp">
      <Filter>Classes\Game\Entities\UI\Pause</Filter>
    </ClCompile>
    <ClCompile Include="..\..\Classes\Windy\SaveManager.cpp">
      <Filter>Classes\Windy</Filter>
    </ClCompile>
    <ClCompile Include="..\..\Classes\Game\Entities\Player\ExtremeBrowner.cpp">
      <Filter>Classes\Game\Entities\Player</Filter>
    </ClCompile>
    <ClCompile Include="..\..\Classes\Game\Entities\Weapons\ExtremeBullet.cpp">
      <Filter>Classes\Game\Entities\Weapons</Filter>
    </ClCompile>
    <ClCompile Include="..\..\Classes\Game\Entities\Weapons\SheriffBullet.cpp">
      <Filter>Classes\Game\Entities\Weapons</Filter>
    </ClCompile>
    <ClCompile Include="..\..\Classes\Windy\Entities\Passage.cpp">
      <Filter>Classes\Windy\Entities</Filter>
    </ClCompile>
    <ClCompile Include="..\..\Classes\Game\GameOverScene.cpp">
      <Filter>Classes\Game</Filter>
    </ClCompile>
    <ClCompile Include="..\..\Classes\Game\Entities\Enemies\Military\RollRunner.cpp">
      <Filter>Classes\Game\Entities\Enemies\Military</Filter>
    </ClCompile>
  </ItemGroup>
  <ItemGroup>
    <ClInclude Include="App.xaml.h" />
    <ClInclude Include="Cocos2dEngine\Cocos2dRenderer.h">
      <Filter>Cocos2dEngine</Filter>
    </ClInclude>
    <ClInclude Include="Cocos2dEngine\OpenGLES.h">
      <Filter>Cocos2dEngine</Filter>
    </ClInclude>
    <ClInclude Include="pch.h" />
    <ClInclude Include="Cocos2dEngine\OpenGLESPage.xaml.h" />
    <ClInclude Include="..\..\Classes\AppDelegate.h">
      <Filter>Classes</Filter>
    </ClInclude>
    <ClInclude Include="..\..\Classes\Windy\AudioManager.h">
      <Filter>Classes\Windy</Filter>
    </ClInclude>
    <ClInclude Include="..\..\Classes\Windy\Label.h">
      <Filter>Classes\Windy</Filter>
    </ClInclude>
    <ClInclude Include="..\..\Classes\Windy\Sprite.h">
      <Filter>Classes\Windy</Filter>
    </ClInclude>
    <ClInclude Include="..\..\Classes\Game\WeaponAcquireScene.h">
      <Filter>Classes\Game</Filter>
    </ClInclude>
    <ClInclude Include="..\..\Classes\Game\Computer.h">
      <Filter>Classes\Game</Filter>
    </ClInclude>
    <ClInclude Include="..\..\Classes\Game\GameScene.h">
      <Filter>Classes\Game</Filter>
    </ClInclude>
    <ClInclude Include="..\..\Classes\Game\StageSelectScene.h">
      <Filter>Classes\Game</Filter>
    </ClInclude>
    <ClInclude Include="..\..\Classes\Game\GameManager.h">
      <Filter>Classes\Game</Filter>
    </ClInclude>
    <ClInclude Include="..\..\Classes\Game\GameStateMachine.h">
      <Filter>Classes\Game</Filter>
    </ClInclude>
    <ClInclude Include="..\..\Classes\Game\TitleScene.h">
      <Filter>Classes\Game</Filter>
    </ClInclude>
    <ClInclude Include="..\..\Classes\Game\AbakuraScene.h">
      <Filter>Classes\Game</Filter>
    </ClInclude>
    <ClInclude Include="..\..\Classes\Game\IntroScene.h">
      <Filter>Classes\Game</Filter>
    </ClInclude>
    <ClInclude Include="..\..\Classes\Game\OptionsScene.h">
      <Filter>Classes\Game</Filter>
    </ClInclude>
    <ClInclude Include="..\..\Classes\Game\SaveScene.h">
      <Filter>Classes\Game</Filter>
    </ClInclude>
    <ClInclude Include="..\..\Classes\Windy\ImageFormat.h">
      <Filter>Classes\Windy</Filter>
    </ClInclude>
    <ClInclude Include="..\..\Classes\Windy\Settings.h">
      <Filter>Classes\Windy</Filter>
    </ClInclude>
    <ClInclude Include="..\..\Classes\Windy\Display.h">
      <Filter>Classes\Windy</Filter>
    </ClInclude>
    <ClInclude Include="..\..\Classes\Windy\AnimationAction.h">
      <Filter>Classes\Windy</Filter>
    </ClInclude>
    <ClInclude Include="..\..\Classes\Windy\GameTags.h">
      <Filter>Classes\Windy</Filter>
    </ClInclude>
    <ClInclude Include="..\..\Classes\Windy\SpriteDefinition.h">
      <Filter>Classes\Windy</Filter>
    </ClInclude>
    <ClInclude Include="..\..\Classes\Game\GameState.h">
      <Filter>Classes\Game</Filter>
    </ClInclude>
    <ClInclude Include="..\..\Classes\Windy\LabelAction.h">
      <Filter>Classes\Windy</Filter>
    </ClInclude>
    <ClInclude Include="..\..\Classes\Windy\Input.h">
      <Filter>Classes\Windy</Filter>
    </ClInclude>
    <ClInclude Include="..\..\Classes\Windy\InputKeys.h">
      <Filter>Classes\Windy</Filter>
    </ClInclude>
    <ClInclude Include="..\..\Classes\External\tao\json.hpp">
      <Filter>Classes\External\tao</Filter>
    </ClInclude>
    <ClInclude Include="..\..\Classes\External\tao\json\basic_value.hpp">
      <Filter>Classes\External\tao\json</Filter>
    </ClInclude>
    <ClInclude Include="..\..\Classes\External\tao\json\binary.hpp">
      <Filter>Classes\External\tao\json</Filter>
    </ClInclude>
    <ClInclude Include="..\..\Classes\External\tao\json\binary_view.hpp">
      <Filter>Classes\External\tao\json</Filter>
    </ClInclude>
    <ClInclude Include="..\..\Classes\External\tao\json\binding\constant.hpp">
      <Filter>Classes\External\tao\json</Filter>
    </ClInclude>
    <ClInclude Include="..\..\Classes\External\tao\json\binding\element.hpp">
      <Filter>Classes\External\tao\json</Filter>
    </ClInclude>
    <ClInclude Include="..\..\Classes\External\tao\json\binding\factory.hpp">
      <Filter>Classes\External\tao\json</Filter>
    </ClInclude>
    <ClInclude Include="..\..\Classes\External\tao\json\binding\for_nothing_value.hpp">
      <Filter>Classes\External\tao\json</Filter>
    </ClInclude>
    <ClInclude Include="..\..\Classes\External\tao\json\binding\for_unknown_key.hpp">
      <Filter>Classes\External\tao\json</Filter>
    </ClInclude>
    <ClInclude Include="..\..\Classes\External\tao\json\binding\inherit.hpp">
      <Filter>Classes\External\tao\json</Filter>
    </ClInclude>
    <ClInclude Include="..\..\Classes\External\tao\json\binding\internal\array.hpp">
      <Filter>Classes\External\tao\json</Filter>
    </ClInclude>
    <ClInclude Include="..\..\Classes\External\tao\json\binding\internal\inherit.hpp">
      <Filter>Classes\External\tao\json</Filter>
    </ClInclude>
    <ClInclude Include="..\..\Classes\External\tao\json\binding\internal\object.hpp">
      <Filter>Classes\External\tao\json</Filter>
    </ClInclude>
    <ClInclude Include="..\..\Classes\External\tao\json\binding\internal\type_key.hpp">
      <Filter>Classes\External\tao\json</Filter>
    </ClInclude>
    <ClInclude Include="..\..\Classes\External\tao\json\binding\member.hpp">
      <Filter>Classes\External\tao\json</Filter>
    </ClInclude>
    <ClInclude Include="..\..\Classes\External\tao\json\binding\member_kind.hpp">
      <Filter>Classes\External\tao\json</Filter>
    </ClInclude>
    <ClInclude Include="..\..\Classes\External\tao\json\binding\versions.hpp">
      <Filter>Classes\External\tao\json</Filter>
    </ClInclude>
    <ClInclude Include="..\..\Classes\External\tao\json\binding.hpp">
      <Filter>Classes\External\tao\json</Filter>
    </ClInclude>
    <ClInclude Include="..\..\Classes\External\tao\json\cbor\consume_file.hpp">
      <Filter>Classes\External\tao\json</Filter>
    </ClInclude>
    <ClInclude Include="..\..\Classes\External\tao\json\cbor\consume_string.hpp">
      <Filter>Classes\External\tao\json</Filter>
    </ClInclude>
    <ClInclude Include="..\..\Classes\External\tao\json\cbor\events\from_binary.hpp">
      <Filter>Classes\External\tao\json</Filter>
    </ClInclude>
    <ClInclude Include="..\..\Classes\External\tao\json\cbor\events\from_file.hpp">
      <Filter>Classes\External\tao\json</Filter>
    </ClInclude>
    <ClInclude Include="..\..\Classes\External\tao\json\cbor\events\from_input.hpp">
      <Filter>Classes\External\tao\json</Filter>
    </ClInclude>
    <ClInclude Include="..\..\Classes\External\tao\json\cbor\events\from_string.hpp">
      <Filter>Classes\External\tao\json</Filter>
    </ClInclude>
    <ClInclude Include="..\..\Classes\External\tao\json\cbor\events\to_stream.hpp">
      <Filter>Classes\External\tao\json</Filter>
    </ClInclude>
    <ClInclude Include="..\..\Classes\External\tao\json\cbor\events\to_string.hpp">
      <Filter>Classes\External\tao\json</Filter>
    </ClInclude>
    <ClInclude Include="..\..\Classes\External\tao\json\cbor\from_binary.hpp">
      <Filter>Classes\External\tao\json</Filter>
    </ClInclude>
    <ClInclude Include="..\..\Classes\External\tao\json\cbor\from_file.hpp">
      <Filter>Classes\External\tao\json</Filter>
    </ClInclude>
    <ClInclude Include="..\..\Classes\External\tao\json\cbor\from_input.hpp">
      <Filter>Classes\External\tao\json</Filter>
    </ClInclude>
    <ClInclude Include="..\..\Classes\External\tao\json\cbor\from_string.hpp">
      <Filter>Classes\External\tao\json</Filter>
    </ClInclude>
    <ClInclude Include="..\..\Classes\External\tao\json\cbor\internal\grammar.hpp">
      <Filter>Classes\External\tao\json</Filter>
    </ClInclude>
    <ClInclude Include="..\..\Classes\External\tao\json\cbor\internal\major.hpp">
      <Filter>Classes\External\tao\json</Filter>
    </ClInclude>
    <ClInclude Include="..\..\Classes\External\tao\json\cbor\parts_parser.hpp">
      <Filter>Classes\External\tao\json</Filter>
    </ClInclude>
    <ClInclude Include="..\..\Classes\External\tao\json\cbor\to_stream.hpp">
      <Filter>Classes\External\tao\json</Filter>
    </ClInclude>
    <ClInclude Include="..\..\Classes\External\tao\json\cbor\to_string.hpp">
      <Filter>Classes\External\tao\json</Filter>
    </ClInclude>
    <ClInclude Include="..\..\Classes\External\tao\json\cbor.hpp">
      <Filter>Classes\External\tao\json</Filter>
    </ClInclude>
    <ClInclude Include="..\..\Classes\External\tao\json\consume.hpp">
      <Filter>Classes\External\tao\json</Filter>
    </ClInclude>
    <ClInclude Include="..\..\Classes\External\tao\json\consume_file.hpp">
      <Filter>Classes\External\tao\json</Filter>
    </ClInclude>
    <ClInclude Include="..\..\Classes\External\tao\json\consume_string.hpp">
      <Filter>Classes\External\tao\json</Filter>
    </ClInclude>
    <ClInclude Include="..\..\Classes\External\tao\json\contrib\array_traits.hpp">
      <Filter>Classes\External\tao\json</Filter>
    </ClInclude>
    <ClInclude Include="..\..\Classes\External\tao\json\contrib\deque_traits.hpp">
      <Filter>Classes\External\tao\json</Filter>
    </ClInclude>
    <ClInclude Include="..\..\Classes\External\tao\json\contrib\diff.hpp">
      <Filter>Classes\External\tao\json</Filter>
    </ClInclude>
    <ClInclude Include="..\..\Classes\External\tao\json\contrib\get.hpp">
      <Filter>Classes\External\tao\json</Filter>
    </ClInclude>
    <ClInclude Include="..\..\Classes\External\tao\json\contrib\internal\array_traits.hpp">
      <Filter>Classes\External\tao\json</Filter>
    </ClInclude>
    <ClInclude Include="..\..\Classes\External\tao\json\contrib\internal\indirect_traits.hpp">
      <Filter>Classes\External\tao\json</Filter>
    </ClInclude>
    <ClInclude Include="..\..\Classes\External\tao\json\contrib\internal\object_traits.hpp">
      <Filter>Classes\External\tao\json</Filter>
    </ClInclude>
    <ClInclude Include="..\..\Classes\External\tao\json\contrib\internal\type_traits.hpp">
      <Filter>Classes\External\tao\json</Filter>
    </ClInclude>
    <ClInclude Include="..\..\Classes\External\tao\json\contrib\list_traits.hpp">
      <Filter>Classes\External\tao\json</Filter>
    </ClInclude>
    <ClInclude Include="..\..\Classes\External\tao\json\contrib\map_traits.hpp">
      <Filter>Classes\External\tao\json</Filter>
    </ClInclude>
    <ClInclude Include="..\..\Classes\External\tao\json\contrib\multimap_traits.hpp">
      <Filter>Classes\External\tao\json</Filter>
    </ClInclude>
    <ClInclude Include="..\..\Classes\External\tao\json\contrib\multiset_traits.hpp">
      <Filter>Classes\External\tao\json</Filter>
    </ClInclude>
    <ClInclude Include="..\..\Classes\External\tao\json\contrib\pair_traits.hpp">
      <Filter>Classes\External\tao\json</Filter>
    </ClInclude>
    <ClInclude Include="..\..\Classes\External\tao\json\contrib\patch.hpp">
      <Filter>Classes\External\tao\json</Filter>
    </ClInclude>
    <ClInclude Include="..\..\Classes\External\tao\json\contrib\pointer_traits.hpp">
      <Filter>Classes\External\tao\json</Filter>
    </ClInclude>
    <ClInclude Include="..\..\Classes\External\tao\json\contrib\position.hpp">
      <Filter>Classes\External\tao\json</Filter>
    </ClInclude>
    <ClInclude Include="..\..\Classes\External\tao\json\contrib\reference.hpp">
      <Filter>Classes\External\tao\json</Filter>
    </ClInclude>
    <ClInclude Include="..\..\Classes\External\tao\json\contrib\schema.hpp">
      <Filter>Classes\External\tao\json</Filter>
    </ClInclude>
    <ClInclude Include="..\..\Classes\External\tao\json\contrib\set_traits.hpp">
      <Filter>Classes\External\tao\json</Filter>
    </ClInclude>
    <ClInclude Include="..\..\Classes\External\tao\json\contrib\shared_ptr_traits.hpp">
      <Filter>Classes\External\tao\json</Filter>
    </ClInclude>
    <ClInclude Include="..\..\Classes\External\tao\json\contrib\traits.hpp">
      <Filter>Classes\External\tao\json</Filter>
    </ClInclude>
    <ClInclude Include="..\..\Classes\External\tao\json\contrib\tuple_traits.hpp">
      <Filter>Classes\External\tao\json</Filter>
    </ClInclude>
    <ClInclude Include="..\..\Classes\External\tao\json\contrib\unique_ptr_traits.hpp">
      <Filter>Classes\External\tao\json</Filter>
    </ClInclude>
    <ClInclude Include="..\..\Classes\External\tao\json\contrib\unordered_map_traits.hpp">
      <Filter>Classes\External\tao\json</Filter>
    </ClInclude>
    <ClInclude Include="..\..\Classes\External\tao\json\contrib\unordered_set_traits.hpp">
      <Filter>Classes\External\tao\json</Filter>
    </ClInclude>
    <ClInclude Include="..\..\Classes\External\tao\json\contrib\variant_traits.hpp">
      <Filter>Classes\External\tao\json</Filter>
    </ClInclude>
    <ClInclude Include="..\..\Classes\External\tao\json\contrib\vector_bool_traits.hpp">
      <Filter>Classes\External\tao\json</Filter>
    </ClInclude>
    <ClInclude Include="..\..\Classes\External\tao\json\contrib\vector_traits.hpp">
      <Filter>Classes\External\tao\json</Filter>
    </ClInclude>
    <ClInclude Include="..\..\Classes\External\tao\json\events\apply.hpp">
      <Filter>Classes\External\tao\json</Filter>
    </ClInclude>
    <ClInclude Include="..\..\Classes\External\tao\json\events\binary_to_base64.hpp">
      <Filter>Classes\External\tao\json</Filter>
    </ClInclude>
    <ClInclude Include="..\..\Classes\External\tao\json\events\binary_to_base64url.hpp">
      <Filter>Classes\External\tao\json</Filter>
    </ClInclude>
    <ClInclude Include="..\..\Classes\External\tao\json\events\binary_to_exception.hpp">
      <Filter>Classes\External\tao\json</Filter>
    </ClInclude>
    <ClInclude Include="..\..\Classes\External\tao\json\events\binary_to_hex.hpp">
      <Filter>Classes\External\tao\json</Filter>
    </ClInclude>
    <ClInclude Include="..\..\Classes\External\tao\json\events\compare.hpp">
      <Filter>Classes\External\tao\json</Filter>
    </ClInclude>
    <ClInclude Include="..\..\Classes\External\tao\json\events\debug.hpp">
      <Filter>Classes\External\tao\json</Filter>
    </ClInclude>
    <ClInclude Include="..\..\Classes\External\tao\json\events\discard.hpp">
      <Filter>Classes\External\tao\json</Filter>
    </ClInclude>
    <ClInclude Include="..\..\Classes\External\tao\json\events\from_file.hpp">
      <Filter>Classes\External\tao\json</Filter>
    </ClInclude>
    <ClInclude Include="..\..\Classes\External\tao\json\events\from_input.hpp">
      <Filter>Classes\External\tao\json</Filter>
    </ClInclude>
    <ClInclude Include="..\..\Classes\External\tao\json\events\from_stream.hpp">
      <Filter>Classes\External\tao\json</Filter>
    </ClInclude>
    <ClInclude Include="..\..\Classes\External\tao\json\events\from_string.hpp">
      <Filter>Classes\External\tao\json</Filter>
    </ClInclude>
    <ClInclude Include="..\..\Classes\External\tao\json\events\from_value.hpp">
      <Filter>Classes\External\tao\json</Filter>
    </ClInclude>
    <ClInclude Include="..\..\Classes\External\tao\json\events\hash.hpp">
      <Filter>Classes\External\tao\json</Filter>
    </ClInclude>
    <ClInclude Include="..\..\Classes\External\tao\json\events\invalid_string_to_binary.hpp">
      <Filter>Classes\External\tao\json</Filter>
    </ClInclude>
    <ClInclude Include="..\..\Classes\External\tao\json\events\invalid_string_to_exception.hpp">
      <Filter>Classes\External\tao\json</Filter>
    </ClInclude>
    <ClInclude Include="..\..\Classes\External\tao\json\events\invalid_string_to_hex.hpp">
      <Filter>Classes\External\tao\json</Filter>
    </ClInclude>
    <ClInclude Include="..\..\Classes\External\tao\json\events\key_camel_case_to_snake_case.hpp">
      <Filter>Classes\External\tao\json</Filter>
    </ClInclude>
    <ClInclude Include="..\..\Classes\External\tao\json\events\key_snake_case_to_camel_case.hpp">
      <Filter>Classes\External\tao\json</Filter>
    </ClInclude>
    <ClInclude Include="..\..\Classes\External\tao\json\events\limit_nesting_depth.hpp">
      <Filter>Classes\External\tao\json</Filter>
    </ClInclude>
    <ClInclude Include="..\..\Classes\External\tao\json\events\limit_value_count.hpp">
      <Filter>Classes\External\tao\json</Filter>
    </ClInclude>
    <ClInclude Include="..\..\Classes\External\tao\json\events\non_finite_to_exception.hpp">
      <Filter>Classes\External\tao\json</Filter>
    </ClInclude>
    <ClInclude Include="..\..\Classes\External\tao\json\events\non_finite_to_null.hpp">
      <Filter>Classes\External\tao\json</Filter>
    </ClInclude>
    <ClInclude Include="..\..\Classes\External\tao\json\events\non_finite_to_string.hpp">
      <Filter>Classes\External\tao\json</Filter>
    </ClInclude>
    <ClInclude Include="..\..\Classes\External\tao\json\events\prefer_signed.hpp">
      <Filter>Classes\External\tao\json</Filter>
    </ClInclude>
    <ClInclude Include="..\..\Classes\External\tao\json\events\prefer_unsigned.hpp">
      <Filter>Classes\External\tao\json</Filter>
    </ClInclude>
    <ClInclude Include="..\..\Classes\External\tao\json\events\produce.hpp">
      <Filter>Classes\External\tao\json</Filter>
    </ClInclude>
    <ClInclude Include="..\..\Classes\External\tao\json\events\ref.hpp">
      <Filter>Classes\External\tao\json</Filter>
    </ClInclude>
    <ClInclude Include="..\..\Classes\External\tao\json\events\statistics.hpp">
      <Filter>Classes\External\tao\json</Filter>
    </ClInclude>
    <ClInclude Include="..\..\Classes\External\tao\json\events\tee.hpp">
      <Filter>Classes\External\tao\json</Filter>
    </ClInclude>
    <ClInclude Include="..\..\Classes\External\tao\json\events\to_pretty_stream.hpp">
      <Filter>Classes\External\tao\json</Filter>
    </ClInclude>
    <ClInclude Include="..\..\Classes\External\tao\json\events\to_stream.hpp">
      <Filter>Classes\External\tao\json</Filter>
    </ClInclude>
    <ClInclude Include="..\..\Classes\External\tao\json\events\to_string.hpp">
      <Filter>Classes\External\tao\json</Filter>
    </ClInclude>
    <ClInclude Include="..\..\Classes\External\tao\json\events\to_value.hpp">
      <Filter>Classes\External\tao\json</Filter>
    </ClInclude>
    <ClInclude Include="..\..\Classes\External\tao\json\events\transformer.hpp">
      <Filter>Classes\External\tao\json</Filter>
    </ClInclude>
    <ClInclude Include="..\..\Classes\External\tao\json\events\validate_event_order.hpp">
      <Filter>Classes\External\tao\json</Filter>
    </ClInclude>
    <ClInclude Include="..\..\Classes\External\tao\json\events\validate_keys.hpp">
      <Filter>Classes\External\tao\json</Filter>
    </ClInclude>
    <ClInclude Include="..\..\Classes\External\tao\json\events\virtual_base.hpp">
      <Filter>Classes\External\tao\json</Filter>
    </ClInclude>
    <ClInclude Include="..\..\Classes\External\tao\json\events\virtual_ref.hpp">
      <Filter>Classes\External\tao\json</Filter>
    </ClInclude>
    <ClInclude Include="..\..\Classes\External\tao\json\events.hpp">
      <Filter>Classes\External\tao\json</Filter>
    </ClInclude>
    <ClInclude Include="..\..\Classes\External\tao\json\external\double.hpp">
      <Filter>Classes\External\tao\json</Filter>
    </ClInclude>
    <ClInclude Include="..\..\Classes\External\tao\json\external\itoa.hpp">
      <Filter>Classes\External\tao\json</Filter>
    </ClInclude>
    <ClInclude Include="..\..\Classes\External\tao\json\external\ryu.hpp">
      <Filter>Classes\External\tao\json</Filter>
    </ClInclude>
    <ClInclude Include="..\..\Classes\External\tao\json\forward.hpp">
      <Filter>Classes\External\tao\json</Filter>
    </ClInclude>
    <ClInclude Include="..\..\Classes\External\tao\json\from_file.hpp">
      <Filter>Classes\External\tao\json</Filter>
    </ClInclude>
    <ClInclude Include="..\..\Classes\External\tao\json\from_input.hpp">
      <Filter>Classes\External\tao\json</Filter>
    </ClInclude>
    <ClInclude Include="..\..\Classes\External\tao\json\from_stream.hpp">
      <Filter>Classes\External\tao\json</Filter>
    </ClInclude>
    <ClInclude Include="..\..\Classes\External\tao\json\from_string.hpp">
      <Filter>Classes\External\tao\json</Filter>
    </ClInclude>
    <ClInclude Include="..\..\Classes\External\tao\json\internal\action.hpp">
      <Filter>Classes\External\tao\json</Filter>
    </ClInclude>
    <ClInclude Include="..\..\Classes\External\tao\json\internal\base64.hpp">
      <Filter>Classes\External\tao\json</Filter>
    </ClInclude>
    <ClInclude Include="..\..\Classes\External\tao\json\internal\base64url.hpp">
      <Filter>Classes\External\tao\json</Filter>
    </ClInclude>
    <ClInclude Include="..\..\Classes\External\tao\json\internal\dependent_false.hpp">
      <Filter>Classes\External\tao\json</Filter>
    </ClInclude>
    <ClInclude Include="..\..\Classes\External\tao\json\internal\endian.hpp">
      <Filter>Classes\External\tao\json</Filter>
    </ClInclude>
    <ClInclude Include="..\..\Classes\External\tao\json\internal\endian_gcc.hpp">
      <Filter>Classes\External\tao\json</Filter>
    </ClInclude>
    <ClInclude Include="..\..\Classes\External\tao\json\internal\endian_win.hpp">
      <Filter>Classes\External\tao\json</Filter>
    </ClInclude>
    <ClInclude Include="..\..\Classes\External\tao\json\internal\errors.hpp">
      <Filter>Classes\External\tao\json</Filter>
    </ClInclude>
    <ClInclude Include="..\..\Classes\External\tao\json\internal\escape.hpp">
      <Filter>Classes\External\tao\json</Filter>
    </ClInclude>
    <ClInclude Include="..\..\Classes\External\tao\json\internal\filesystem.hpp">
      <Filter>Classes\External\tao\json</Filter>
    </ClInclude>
    <ClInclude Include="..\..\Classes\External\tao\json\internal\format.hpp">
      <Filter>Classes\External\tao\json</Filter>
    </ClInclude>
    <ClInclude Include="..\..\Classes\External\tao\json\internal\grammar.hpp">
      <Filter>Classes\External\tao\json</Filter>
    </ClInclude>
    <ClInclude Include="..\..\Classes\External\tao\json\internal\hexdump.hpp">
      <Filter>Classes\External\tao\json</Filter>
    </ClInclude>
    <ClInclude Include="..\..\Classes\External\tao\json\internal\identity.hpp">
      <Filter>Classes\External\tao\json</Filter>
    </ClInclude>
    <ClInclude Include="..\..\Classes\External\tao\json\internal\number_state.hpp">
      <Filter>Classes\External\tao\json</Filter>
    </ClInclude>
    <ClInclude Include="..\..\Classes\External\tao\json\internal\number_traits.hpp">
      <Filter>Classes\External\tao\json</Filter>
    </ClInclude>
    <ClInclude Include="..\..\Classes\External\tao\json\internal\pair.hpp">
      <Filter>Classes\External\tao\json</Filter>
    </ClInclude>
    <ClInclude Include="..\..\Classes\External\tao\json\internal\parse_util.hpp">
      <Filter>Classes\External\tao\json</Filter>
    </ClInclude>
    <ClInclude Include="..\..\Classes\External\tao\json\internal\sha256.hpp">
      <Filter>Classes\External\tao\json</Filter>
    </ClInclude>
    <ClInclude Include="..\..\Classes\External\tao\json\internal\single.hpp">
      <Filter>Classes\External\tao\json</Filter>
    </ClInclude>
    <ClInclude Include="..\..\Classes\External\tao\json\internal\string_t.hpp">
      <Filter>Classes\External\tao\json</Filter>
    </ClInclude>
    <ClInclude Include="..\..\Classes\External\tao\json\internal\type_traits.hpp">
      <Filter>Classes\External\tao\json</Filter>
    </ClInclude>
    <ClInclude Include="..\..\Classes\External\tao\json\internal\unescape_action.hpp">
      <Filter>Classes\External\tao\json</Filter>
    </ClInclude>
    <ClInclude Include="..\..\Classes\External\tao\json\internal\uri_fragment.hpp">
      <Filter>Classes\External\tao\json</Filter>
    </ClInclude>
    <ClInclude Include="..\..\Classes\External\tao\json\jaxn\consume_file.hpp">
      <Filter>Classes\External\tao\json</Filter>
    </ClInclude>
    <ClInclude Include="..\..\Classes\External\tao\json\jaxn\consume_string.hpp">
      <Filter>Classes\External\tao\json</Filter>
    </ClInclude>
    <ClInclude Include="..\..\Classes\External\tao\json\jaxn\events\from_file.hpp">
      <Filter>Classes\External\tao\json</Filter>
    </ClInclude>
    <ClInclude Include="..\..\Classes\External\tao\json\jaxn\events\from_input.hpp">
      <Filter>Classes\External\tao\json</Filter>
    </ClInclude>
    <ClInclude Include="..\..\Classes\External\tao\json\jaxn\events\from_stream.hpp">
      <Filter>Classes\External\tao\json</Filter>
    </ClInclude>
    <ClInclude Include="..\..\Classes\External\tao\json\jaxn\events\from_string.hpp">
      <Filter>Classes\External\tao\json</Filter>
    </ClInclude>
    <ClInclude Include="..\..\Classes\External\tao\json\jaxn\events\to_pretty_stream.hpp">
      <Filter>Classes\External\tao\json</Filter>
    </ClInclude>
    <ClInclude Include="..\..\Classes\External\tao\json\jaxn\events\to_stream.hpp">
      <Filter>Classes\External\tao\json</Filter>
    </ClInclude>
    <ClInclude Include="..\..\Classes\External\tao\json\jaxn\events\to_string.hpp">
      <Filter>Classes\External\tao\json</Filter>
    </ClInclude>
    <ClInclude Include="..\..\Classes\External\tao\json\jaxn\from_file.hpp">
      <Filter>Classes\External\tao\json</Filter>
    </ClInclude>
    <ClInclude Include="..\..\Classes\External\tao\json\jaxn\from_input.hpp">
      <Filter>Classes\External\tao\json</Filter>
    </ClInclude>
    <ClInclude Include="..\..\Classes\External\tao\json\jaxn\from_stream.hpp">
      <Filter>Classes\External\tao\json</Filter>
    </ClInclude>
    <ClInclude Include="..\..\Classes\External\tao\json\jaxn\from_string.hpp">
      <Filter>Classes\External\tao\json</Filter>
    </ClInclude>
    <ClInclude Include="..\..\Classes\External\tao\json\jaxn\internal\action.hpp">
      <Filter>Classes\External\tao\json</Filter>
    </ClInclude>
    <ClInclude Include="..\..\Classes\External\tao\json\jaxn\internal\bunescape_action.hpp">
      <Filter>Classes\External\tao\json</Filter>
    </ClInclude>
    <ClInclude Include="..\..\Classes\External\tao\json\jaxn\internal\errors.hpp">
      <Filter>Classes\External\tao\json</Filter>
    </ClInclude>
    <ClInclude Include="..\..\Classes\External\tao\json\jaxn\internal\grammar.hpp">
      <Filter>Classes\External\tao\json</Filter>
    </ClInclude>
    <ClInclude Include="..\..\Classes\External\tao\json\jaxn\internal\integer.hpp">
      <Filter>Classes\External\tao\json</Filter>
    </ClInclude>
    <ClInclude Include="..\..\Classes\External\tao\json\jaxn\internal\unescape_action.hpp">
      <Filter>Classes\External\tao\json</Filter>
    </ClInclude>
    <ClInclude Include="..\..\Classes\External\tao\json\jaxn\is_identifier.hpp">
      <Filter>Classes\External\tao\json</Filter>
    </ClInclude>
    <ClInclude Include="..\..\Classes\External\tao\json\jaxn\parts_parser.hpp">
      <Filter>Classes\External\tao\json</Filter>
    </ClInclude>
    <ClInclude Include="..\..\Classes\External\tao\json\jaxn\to_stream.hpp">
      <Filter>Classes\External\tao\json</Filter>
    </ClInclude>
    <ClInclude Include="..\..\Classes\External\tao\json\jaxn\to_string.hpp">
      <Filter>Classes\External\tao\json</Filter>
    </ClInclude>
    <ClInclude Include="..\..\Classes\External\tao\json\jaxn.hpp">
      <Filter>Classes\External\tao\json</Filter>
    </ClInclude>
    <ClInclude Include="..\..\Classes\External\tao\json\message_extension.hpp">
      <Filter>Classes\External\tao\json</Filter>
    </ClInclude>
    <ClInclude Include="..\..\Classes\External\tao\json\msgpack\consume_file.hpp">
      <Filter>Classes\External\tao\json</Filter>
    </ClInclude>
    <ClInclude Include="..\..\Classes\External\tao\json\msgpack\consume_string.hpp">
      <Filter>Classes\External\tao\json</Filter>
    </ClInclude>
    <ClInclude Include="..\..\Classes\External\tao\json\msgpack\events\from_binary.hpp">
      <Filter>Classes\External\tao\json</Filter>
    </ClInclude>
    <ClInclude Include="..\..\Classes\External\tao\json\msgpack\events\from_file.hpp">
      <Filter>Classes\External\tao\json</Filter>
    </ClInclude>
    <ClInclude Include="..\..\Classes\External\tao\json\msgpack\events\from_input.hpp">
      <Filter>Classes\External\tao\json</Filter>
    </ClInclude>
    <ClInclude Include="..\..\Classes\External\tao\json\msgpack\events\from_string.hpp">
      <Filter>Classes\External\tao\json</Filter>
    </ClInclude>
    <ClInclude Include="..\..\Classes\External\tao\json\msgpack\events\to_stream.hpp">
      <Filter>Classes\External\tao\json</Filter>
    </ClInclude>
    <ClInclude Include="..\..\Classes\External\tao\json\msgpack\events\to_string.hpp">
      <Filter>Classes\External\tao\json</Filter>
    </ClInclude>
    <ClInclude Include="..\..\Classes\External\tao\json\msgpack\from_binary.hpp">
      <Filter>Classes\External\tao\json</Filter>
    </ClInclude>
    <ClInclude Include="..\..\Classes\External\tao\json\msgpack\from_file.hpp">
      <Filter>Classes\External\tao\json</Filter>
    </ClInclude>
    <ClInclude Include="..\..\Classes\External\tao\json\msgpack\from_input.hpp">
      <Filter>Classes\External\tao\json</Filter>
    </ClInclude>
    <ClInclude Include="..\..\Classes\External\tao\json\msgpack\from_string.hpp">
      <Filter>Classes\External\tao\json</Filter>
    </ClInclude>
    <ClInclude Include="..\..\Classes\External\tao\json\msgpack\internal\format.hpp">
      <Filter>Classes\External\tao\json</Filter>
    </ClInclude>
    <ClInclude Include="..\..\Classes\External\tao\json\msgpack\internal\grammar.hpp">
      <Filter>Classes\External\tao\json</Filter>
    </ClInclude>
    <ClInclude Include="..\..\Classes\External\tao\json\msgpack\parts_parser.hpp">
      <Filter>Classes\External\tao\json</Filter>
    </ClInclude>
    <ClInclude Include="..\..\Classes\External\tao\json\msgpack\to_stream.hpp">
      <Filter>Classes\External\tao\json</Filter>
    </ClInclude>
    <ClInclude Include="..\..\Classes\External\tao\json\msgpack\to_string.hpp">
      <Filter>Classes\External\tao\json</Filter>
    </ClInclude>
    <ClInclude Include="..\..\Classes\External\tao\json\msgpack.hpp">
      <Filter>Classes\External\tao\json</Filter>
    </ClInclude>
    <ClInclude Include="..\..\Classes\External\tao\json\operators.hpp">
      <Filter>Classes\External\tao\json</Filter>
    </ClInclude>
    <ClInclude Include="..\..\Classes\External\tao\json\parts_parser.hpp">
      <Filter>Classes\External\tao\json</Filter>
    </ClInclude>
    <ClInclude Include="..\..\Classes\External\tao\json\pointer.hpp">
      <Filter>Classes\External\tao\json</Filter>
    </ClInclude>
    <ClInclude Include="..\..\Classes\External\tao\json\produce.hpp">
      <Filter>Classes\External\tao\json</Filter>
    </ClInclude>
    <ClInclude Include="..\..\Classes\External\tao\json\self_contained.hpp">
      <Filter>Classes\External\tao\json</Filter>
    </ClInclude>
    <ClInclude Include="..\..\Classes\External\tao\json\span.hpp">
      <Filter>Classes\External\tao\json</Filter>
    </ClInclude>
    <ClInclude Include="..\..\Classes\External\tao\json\stream.hpp">
      <Filter>Classes\External\tao\json</Filter>
    </ClInclude>
    <ClInclude Include="..\..\Classes\External\tao\json\to_stream.hpp">
      <Filter>Classes\External\tao\json</Filter>
    </ClInclude>
    <ClInclude Include="..\..\Classes\External\tao\json\to_string.hpp">
      <Filter>Classes\External\tao\json</Filter>
    </ClInclude>
    <ClInclude Include="..\..\Classes\External\tao\json\traits.hpp">
      <Filter>Classes\External\tao\json</Filter>
    </ClInclude>
    <ClInclude Include="..\..\Classes\External\tao\json\type.hpp">
      <Filter>Classes\External\tao\json</Filter>
    </ClInclude>
    <ClInclude Include="..\..\Classes\External\tao\json\ubjson\consume_file.hpp">
      <Filter>Classes\External\tao\json</Filter>
    </ClInclude>
    <ClInclude Include="..\..\Classes\External\tao\json\ubjson\consume_string.hpp">
      <Filter>Classes\External\tao\json</Filter>
    </ClInclude>
    <ClInclude Include="..\..\Classes\External\tao\json\ubjson\events\from_binary.hpp">
      <Filter>Classes\External\tao\json</Filter>
    </ClInclude>
    <ClInclude Include="..\..\Classes\External\tao\json\ubjson\events\from_file.hpp">
      <Filter>Classes\External\tao\json</Filter>
    </ClInclude>
    <ClInclude Include="..\..\Classes\External\tao\json\ubjson\events\from_input.hpp">
      <Filter>Classes\External\tao\json</Filter>
    </ClInclude>
    <ClInclude Include="..\..\Classes\External\tao\json\ubjson\events\from_string.hpp">
      <Filter>Classes\External\tao\json</Filter>
    </ClInclude>
    <ClInclude Include="..\..\Classes\External\tao\json\ubjson\events\to_stream.hpp">
      <Filter>Classes\External\tao\json</Filter>
    </ClInclude>
    <ClInclude Include="..\..\Classes\External\tao\json\ubjson\events\to_string.hpp">
      <Filter>Classes\External\tao\json</Filter>
    </ClInclude>
    <ClInclude Include="..\..\Classes\External\tao\json\ubjson\from_binary.hpp">
      <Filter>Classes\External\tao\json</Filter>
    </ClInclude>
    <ClInclude Include="..\..\Classes\External\tao\json\ubjson\from_file.hpp">
      <Filter>Classes\External\tao\json</Filter>
    </ClInclude>
    <ClInclude Include="..\..\Classes\External\tao\json\ubjson\from_input.hpp">
      <Filter>Classes\External\tao\json</Filter>
    </ClInclude>
    <ClInclude Include="..\..\Classes\External\tao\json\ubjson\from_string.hpp">
      <Filter>Classes\External\tao\json</Filter>
    </ClInclude>
    <ClInclude Include="..\..\Classes\External\tao\json\ubjson\internal\grammar.hpp">
      <Filter>Classes\External\tao\json</Filter>
    </ClInclude>
    <ClInclude Include="..\..\Classes\External\tao\json\ubjson\internal\marker.hpp">
      <Filter>Classes\External\tao\json</Filter>
    </ClInclude>
    <ClInclude Include="..\..\Classes\External\tao\json\ubjson\parts_parser.hpp">
      <Filter>Classes\External\tao\json</Filter>
    </ClInclude>
    <ClInclude Include="..\..\Classes\External\tao\json\ubjson\to_stream.hpp">
      <Filter>Classes\External\tao\json</Filter>
    </ClInclude>
    <ClInclude Include="..\..\Classes\External\tao\json\ubjson\to_string.hpp">
      <Filter>Classes\External\tao\json</Filter>
    </ClInclude>
    <ClInclude Include="..\..\Classes\External\tao\json\ubjson.hpp">
      <Filter>Classes\External\tao\json</Filter>
    </ClInclude>
    <ClInclude Include="..\..\Classes\External\tao\json\utf8.hpp">
      <Filter>Classes\External\tao\json</Filter>
    </ClInclude>
    <ClInclude Include="..\..\Classes\External\tao\json\value.hpp">
      <Filter>Classes\External\tao\json</Filter>
    </ClInclude>
    <ClInclude Include="..\..\Classes\External\tao\pegtl.hpp">
      <Filter>Classes\External\tao</Filter>
    </ClInclude>
    <ClInclude Include="..\..\Classes\External\tao\pegtl\apply_mode.hpp">
      <Filter>Classes\External\tao\pegtl</Filter>
    </ClInclude>
    <ClInclude Include="..\..\Classes\External\tao\pegtl\argv_input.hpp">
      <Filter>Classes\External\tao\pegtl</Filter>
    </ClInclude>
    <ClInclude Include="..\..\Classes\External\tao\pegtl\ascii.hpp">
      <Filter>Classes\External\tao\pegtl</Filter>
    </ClInclude>
    <ClInclude Include="..\..\Classes\External\tao\pegtl\buffer_input.hpp">
      <Filter>Classes\External\tao\pegtl</Filter>
    </ClInclude>
    <ClInclude Include="..\..\Classes\External\tao\pegtl\change_action.hpp">
      <Filter>Classes\External\tao\pegtl</Filter>
    </ClInclude>
    <ClInclude Include="..\..\Classes\External\tao\pegtl\change_action_and_state.hpp">
      <Filter>Classes\External\tao\pegtl</Filter>
    </ClInclude>
    <ClInclude Include="..\..\Classes\External\tao\pegtl\change_action_and_states.hpp">
      <Filter>Classes\External\tao\pegtl</Filter>
    </ClInclude>
    <ClInclude Include="..\..\Classes\External\tao\pegtl\change_control.hpp">
      <Filter>Classes\External\tao\pegtl</Filter>
    </ClInclude>
    <ClInclude Include="..\..\Classes\External\tao\pegtl\change_state.hpp">
      <Filter>Classes\External\tao\pegtl</Filter>
    </ClInclude>
    <ClInclude Include="..\..\Classes\External\tao\pegtl\change_states.hpp">
      <Filter>Classes\External\tao\pegtl</Filter>
    </ClInclude>
    <ClInclude Include="..\..\Classes\External\tao\pegtl\config.hpp">
      <Filter>Classes\External\tao\pegtl</Filter>
    </ClInclude>
    <ClInclude Include="..\..\Classes\External\tao\pegtl\contrib\abnf.hpp">
      <Filter>Classes\External\tao\pegtl</Filter>
    </ClInclude>
    <ClInclude Include="..\..\Classes\External\tao\pegtl\contrib\alphabet.hpp">
      <Filter>Classes\External\tao\pegtl</Filter>
    </ClInclude>
    <ClInclude Include="..\..\Classes\External\tao\pegtl\contrib\analyze.hpp">
      <Filter>Classes\External\tao\pegtl</Filter>
    </ClInclude>
    <ClInclude Include="..\..\Classes\External\tao\pegtl\contrib\analyze_traits.hpp">
      <Filter>Classes\External\tao\pegtl</Filter>
    </ClInclude>
    <ClInclude Include="..\..\Classes\External\tao\pegtl\contrib\check_bytes.hpp">
      <Filter>Classes\External\tao\pegtl</Filter>
    </ClInclude>
    <ClInclude Include="..\..\Classes\External\tao\pegtl\contrib\control_action.hpp">
      <Filter>Classes\External\tao\pegtl</Filter>
    </ClInclude>
    <ClInclude Include="..\..\Classes\External\tao\pegtl\contrib\coverage.hpp">
      <Filter>Classes\External\tao\pegtl</Filter>
    </ClInclude>
    <ClInclude Include="..\..\Classes\External\tao\pegtl\contrib\forward.hpp">
      <Filter>Classes\External\tao\pegtl</Filter>
    </ClInclude>
    <ClInclude Include="..\..\Classes\External\tao\pegtl\contrib\function.hpp">
      <Filter>Classes\External\tao\pegtl</Filter>
    </ClInclude>
    <ClInclude Include="..\..\Classes\External\tao\pegtl\contrib\http.hpp">
      <Filter>Classes\External\tao\pegtl</Filter>
    </ClInclude>
    <ClInclude Include="..\..\Classes\External\tao\pegtl\contrib\icu\internal.hpp">
      <Filter>Classes\External\tao\pegtl</Filter>
    </ClInclude>
    <ClInclude Include="..\..\Classes\External\tao\pegtl\contrib\icu\utf16.hpp">
      <Filter>Classes\External\tao\pegtl</Filter>
    </ClInclude>
    <ClInclude Include="..\..\Classes\External\tao\pegtl\contrib\icu\utf32.hpp">
      <Filter>Classes\External\tao\pegtl</Filter>
    </ClInclude>
    <ClInclude Include="..\..\Classes\External\tao\pegtl\contrib\icu\utf8.hpp">
      <Filter>Classes\External\tao\pegtl</Filter>
    </ClInclude>
    <ClInclude Include="..\..\Classes\External\tao\pegtl\contrib\if_then.hpp">
      <Filter>Classes\External\tao\pegtl</Filter>
    </ClInclude>
    <ClInclude Include="..\..\Classes\External\tao\pegtl\contrib\instantiate.hpp">
      <Filter>Classes\External\tao\pegtl</Filter>
    </ClInclude>
    <ClInclude Include="..\..\Classes\External\tao\pegtl\contrib\integer.hpp">
      <Filter>Classes\External\tao\pegtl</Filter>
    </ClInclude>
    <ClInclude Include="..\..\Classes\External\tao\pegtl\contrib\internal\endian.hpp">
      <Filter>Classes\External\tao\pegtl</Filter>
    </ClInclude>
    <ClInclude Include="..\..\Classes\External\tao\pegtl\contrib\internal\endian_gcc.hpp">
      <Filter>Classes\External\tao\pegtl</Filter>
    </ClInclude>
    <ClInclude Include="..\..\Classes\External\tao\pegtl\contrib\internal\endian_win.hpp">
      <Filter>Classes\External\tao\pegtl</Filter>
    </ClInclude>
    <ClInclude Include="..\..\Classes\External\tao\pegtl\contrib\internal\peek_mask_uint.hpp">
      <Filter>Classes\External\tao\pegtl</Filter>
    </ClInclude>
    <ClInclude Include="..\..\Classes\External\tao\pegtl\contrib\internal\peek_mask_uint8.hpp">
      <Filter>Classes\External\tao\pegtl</Filter>
    </ClInclude>
    <ClInclude Include="..\..\Classes\External\tao\pegtl\contrib\internal\peek_uint.hpp">
      <Filter>Classes\External\tao\pegtl</Filter>
    </ClInclude>
    <ClInclude Include="..\..\Classes\External\tao\pegtl\contrib\internal\peek_uint8.hpp">
      <Filter>Classes\External\tao\pegtl</Filter>
    </ClInclude>
    <ClInclude Include="..\..\Classes\External\tao\pegtl\contrib\internal\peek_utf16.hpp">
      <Filter>Classes\External\tao\pegtl</Filter>
    </ClInclude>
    <ClInclude Include="..\..\Classes\External\tao\pegtl\contrib\internal\peek_utf32.hpp">
      <Filter>Classes\External\tao\pegtl</Filter>
    </ClInclude>
    <ClInclude Include="..\..\Classes\External\tao\pegtl\contrib\internal\read_uint.hpp">
      <Filter>Classes\External\tao\pegtl</Filter>
    </ClInclude>
    <ClInclude Include="..\..\Classes\External\tao\pegtl\contrib\internal\set_stack_guard.hpp">
      <Filter>Classes\External\tao\pegtl</Filter>
    </ClInclude>
    <ClInclude Include="..\..\Classes\External\tao\pegtl\contrib\internal\vector_stack_guard.hpp">
      <Filter>Classes\External\tao\pegtl</Filter>
    </ClInclude>
    <ClInclude Include="..\..\Classes\External\tao\pegtl\contrib\json.hpp">
      <Filter>Classes\External\tao\pegtl</Filter>
    </ClInclude>
    <ClInclude Include="..\..\Classes\External\tao\pegtl\contrib\json_pointer.hpp">
      <Filter>Classes\External\tao\pegtl</Filter>
    </ClInclude>
    <ClInclude Include="..\..\Classes\External\tao\pegtl\contrib\limit_bytes.hpp">
      <Filter>Classes\External\tao\pegtl</Filter>
    </ClInclude>
    <ClInclude Include="..\..\Classes\External\tao\pegtl\contrib\limit_depth.hpp">
      <Filter>Classes\External\tao\pegtl</Filter>
    </ClInclude>
    <ClInclude Include="..\..\Classes\External\tao\pegtl\contrib\parse_tree.hpp">
      <Filter>Classes\External\tao\pegtl</Filter>
    </ClInclude>
    <ClInclude Include="..\..\Classes\External\tao\pegtl\contrib\parse_tree_to_dot.hpp">
      <Filter>Classes\External\tao\pegtl</Filter>
    </ClInclude>
    <ClInclude Include="..\..\Classes\External\tao\pegtl\contrib\peg.hpp">
      <Filter>Classes\External\tao\pegtl</Filter>
    </ClInclude>
    <ClInclude Include="..\..\Classes\External\tao\pegtl\contrib\predicates.hpp">
      <Filter>Classes\External\tao\pegtl</Filter>
    </ClInclude>
    <ClInclude Include="..\..\Classes\External\tao\pegtl\contrib\print.hpp">
      <Filter>Classes\External\tao\pegtl</Filter>
    </ClInclude>
    <ClInclude Include="..\..\Classes\External\tao\pegtl\contrib\print_coverage.hpp">
      <Filter>Classes\External\tao\pegtl</Filter>
    </ClInclude>
    <ClInclude Include="..\..\Classes\External\tao\pegtl\contrib\raw_string.hpp">
      <Filter>Classes\External\tao\pegtl</Filter>
    </ClInclude>
    <ClInclude Include="..\..\Classes\External\tao\pegtl\contrib\remove_first_state.hpp">
      <Filter>Classes\External\tao\pegtl</Filter>
    </ClInclude>
    <ClInclude Include="..\..\Classes\External\tao\pegtl\contrib\remove_last_states.hpp">
      <Filter>Classes\External\tao\pegtl</Filter>
    </ClInclude>
    <ClInclude Include="..\..\Classes\External\tao\pegtl\contrib\rep_one_min_max.hpp">
      <Filter>Classes\External\tao\pegtl</Filter>
    </ClInclude>
    <ClInclude Include="..\..\Classes\External\tao\pegtl\contrib\rep_string.hpp">
      <Filter>Classes\External\tao\pegtl</Filter>
    </ClInclude>
    <ClInclude Include="..\..\Classes\External\tao\pegtl\contrib\shuffle_states.hpp">
      <Filter>Classes\External\tao\pegtl</Filter>
    </ClInclude>
    <ClInclude Include="..\..\Classes\External\tao\pegtl\contrib\state_control.hpp">
      <Filter>Classes\External\tao\pegtl</Filter>
    </ClInclude>
    <ClInclude Include="..\..\Classes\External\tao\pegtl\contrib\to_string.hpp">
      <Filter>Classes\External\tao\pegtl</Filter>
    </ClInclude>
    <ClInclude Include="..\..\Classes\External\tao\pegtl\contrib\trace.hpp">
      <Filter>Classes\External\tao\pegtl</Filter>
    </ClInclude>
    <ClInclude Include="..\..\Classes\External\tao\pegtl\contrib\uint16.hpp">
      <Filter>Classes\External\tao\pegtl</Filter>
    </ClInclude>
    <ClInclude Include="..\..\Classes\External\tao\pegtl\contrib\uint32.hpp">
      <Filter>Classes\External\tao\pegtl</Filter>
    </ClInclude>
    <ClInclude Include="..\..\Classes\External\tao\pegtl\contrib\uint64.hpp">
      <Filter>Classes\External\tao\pegtl</Filter>
    </ClInclude>
    <ClInclude Include="..\..\Classes\External\tao\pegtl\contrib\uint8.hpp">
      <Filter>Classes\External\tao\pegtl</Filter>
    </ClInclude>
    <ClInclude Include="..\..\Classes\External\tao\pegtl\contrib\unescape.hpp">
      <Filter>Classes\External\tao\pegtl</Filter>
    </ClInclude>
    <ClInclude Include="..\..\Classes\External\tao\pegtl\contrib\uri.hpp">
      <Filter>Classes\External\tao\pegtl</Filter>
    </ClInclude>
    <ClInclude Include="..\..\Classes\External\tao\pegtl\contrib\utf16.hpp">
      <Filter>Classes\External\tao\pegtl</Filter>
    </ClInclude>
    <ClInclude Include="..\..\Classes\External\tao\pegtl\contrib\utf32.hpp">
      <Filter>Classes\External\tao\pegtl</Filter>
    </ClInclude>
    <ClInclude Include="..\..\Classes\External\tao\pegtl\cstream_input.hpp">
      <Filter>Classes\External\tao\pegtl</Filter>
    </ClInclude>
    <ClInclude Include="..\..\Classes\External\tao\pegtl\demangle.hpp">
      <Filter>Classes\External\tao\pegtl</Filter>
    </ClInclude>
    <ClInclude Include="..\..\Classes\External\tao\pegtl\disable_action.hpp">
      <Filter>Classes\External\tao\pegtl</Filter>
    </ClInclude>
    <ClInclude Include="..\..\Classes\External\tao\pegtl\discard_input.hpp">
      <Filter>Classes\External\tao\pegtl</Filter>
    </ClInclude>
    <ClInclude Include="..\..\Classes\External\tao\pegtl\discard_input_on_failure.hpp">
      <Filter>Classes\External\tao\pegtl</Filter>
    </ClInclude>
    <ClInclude Include="..\..\Classes\External\tao\pegtl\discard_input_on_success.hpp">
      <Filter>Classes\External\tao\pegtl</Filter>
    </ClInclude>
    <ClInclude Include="..\..\Classes\External\tao\pegtl\enable_action.hpp">
      <Filter>Classes\External\tao\pegtl</Filter>
    </ClInclude>
    <ClInclude Include="..\..\Classes\External\tao\pegtl\eol.hpp">
      <Filter>Classes\External\tao\pegtl</Filter>
    </ClInclude>
    <ClInclude Include="..\..\Classes\External\tao\pegtl\eol_pair.hpp">
      <Filter>Classes\External\tao\pegtl</Filter>
    </ClInclude>
    <ClInclude Include="..\..\Classes\External\tao\pegtl\file_input.hpp">
      <Filter>Classes\External\tao\pegtl</Filter>
    </ClInclude>
    <ClInclude Include="..\..\Classes\External\tao\pegtl\internal\action.hpp">
      <Filter>Classes\External\tao\pegtl</Filter>
    </ClInclude>
    <ClInclude Include="..\..\Classes\External\tao\pegtl\internal\action_input.hpp">
      <Filter>Classes\External\tao\pegtl</Filter>
    </ClInclude>
    <ClInclude Include="..\..\Classes\External\tao\pegtl\internal\any.hpp">
      <Filter>Classes\External\tao\pegtl</Filter>
    </ClInclude>
    <ClInclude Include="..\..\Classes\External\tao\pegtl\internal\apply.hpp">
      <Filter>Classes\External\tao\pegtl</Filter>
    </ClInclude>
    <ClInclude Include="..\..\Classes\External\tao\pegtl\internal\apply0.hpp">
      <Filter>Classes\External\tao\pegtl</Filter>
    </ClInclude>
    <ClInclude Include="..\..\Classes\External\tao\pegtl\internal\apply0_single.hpp">
      <Filter>Classes\External\tao\pegtl</Filter>
    </ClInclude>
    <ClInclude Include="..\..\Classes\External\tao\pegtl\internal\apply_single.hpp">
      <Filter>Classes\External\tao\pegtl</Filter>
    </ClInclude>
    <ClInclude Include="..\..\Classes\External\tao\pegtl\internal\at.hpp">
      <Filter>Classes\External\tao\pegtl</Filter>
    </ClInclude>
    <ClInclude Include="..\..\Classes\External\tao\pegtl\internal\bof.hpp">
      <Filter>Classes\External\tao\pegtl</Filter>
    </ClInclude>
    <ClInclude Include="..\..\Classes\External\tao\pegtl\internal\bol.hpp">
      <Filter>Classes\External\tao\pegtl</Filter>
    </ClInclude>
    <ClInclude Include="..\..\Classes\External\tao\pegtl\internal\bump.hpp">
      <Filter>Classes\External\tao\pegtl</Filter>
    </ClInclude>
    <ClInclude Include="..\..\Classes\External\tao\pegtl\internal\bump_help.hpp">
      <Filter>Classes\External\tao\pegtl</Filter>
    </ClInclude>
    <ClInclude Include="..\..\Classes\External\tao\pegtl\internal\bytes.hpp">
      <Filter>Classes\External\tao\pegtl</Filter>
    </ClInclude>
    <ClInclude Include="..\..\Classes\External\tao\pegtl\internal\control.hpp">
      <Filter>Classes\External\tao\pegtl</Filter>
    </ClInclude>
    <ClInclude Include="..\..\Classes\External\tao\pegtl\internal\crlf_eol.hpp">
      <Filter>Classes\External\tao\pegtl</Filter>
    </ClInclude>
    <ClInclude Include="..\..\Classes\External\tao\pegtl\internal\cr_crlf_eol.hpp">
      <Filter>Classes\External\tao\pegtl</Filter>
    </ClInclude>
    <ClInclude Include="..\..\Classes\External\tao\pegtl\internal\cr_eol.hpp">
      <Filter>Classes\External\tao\pegtl</Filter>
    </ClInclude>
    <ClInclude Include="..\..\Classes\External\tao\pegtl\internal\cstream_reader.hpp">
      <Filter>Classes\External\tao\pegtl</Filter>
    </ClInclude>
    <ClInclude Include="..\..\Classes\External\tao\pegtl\internal\cstring_reader.hpp">
      <Filter>Classes\External\tao\pegtl</Filter>
    </ClInclude>
    <ClInclude Include="..\..\Classes\External\tao\pegtl\internal\dependent_false.hpp">
      <Filter>Classes\External\tao\pegtl</Filter>
    </ClInclude>
    <ClInclude Include="..\..\Classes\External\tao\pegtl\internal\disable.hpp">
      <Filter>Classes\External\tao\pegtl</Filter>
    </ClInclude>
    <ClInclude Include="..\..\Classes\External\tao\pegtl\internal\discard.hpp">
      <Filter>Classes\External\tao\pegtl</Filter>
    </ClInclude>
    <ClInclude Include="..\..\Classes\External\tao\pegtl\internal\enable.hpp">
      <Filter>Classes\External\tao\pegtl</Filter>
    </ClInclude>
    <ClInclude Include="..\..\Classes\External\tao\pegtl\internal\enable_control.hpp">
      <Filter>Classes\External\tao\pegtl</Filter>
    </ClInclude>
    <ClInclude Include="..\..\Classes\External\tao\pegtl\internal\eof.hpp">
      <Filter>Classes\External\tao\pegtl</Filter>
    </ClInclude>
    <ClInclude Include="..\..\Classes\External\tao\pegtl\internal\eol.hpp">
      <Filter>Classes\External\tao\pegtl</Filter>
    </ClInclude>
    <ClInclude Include="..\..\Classes\External\tao\pegtl\internal\eolf.hpp">
      <Filter>Classes\External\tao\pegtl</Filter>
    </ClInclude>
    <ClInclude Include="..\..\Classes\External\tao\pegtl\internal\failure.hpp">
      <Filter>Classes\External\tao\pegtl</Filter>
    </ClInclude>
    <ClInclude Include="..\..\Classes\External\tao\pegtl\internal\filesystem.hpp">
      <Filter>Classes\External\tao\pegtl</Filter>
    </ClInclude>
    <ClInclude Include="..\..\Classes\External\tao\pegtl\internal\file_mapper_posix.hpp">
      <Filter>Classes\External\tao\pegtl</Filter>
    </ClInclude>
    <ClInclude Include="..\..\Classes\External\tao\pegtl\internal\file_mapper_win32.hpp">
      <Filter>Classes\External\tao\pegtl</Filter>
    </ClInclude>
    <ClInclude Include="..\..\Classes\External\tao\pegtl\internal\file_reader.hpp">
      <Filter>Classes\External\tao\pegtl</Filter>
    </ClInclude>
    <ClInclude Include="..\..\Classes\External\tao\pegtl\internal\has_apply.hpp">
      <Filter>Classes\External\tao\pegtl</Filter>
    </ClInclude>
    <ClInclude Include="..\..\Classes\External\tao\pegtl\internal\has_apply0.hpp">
      <Filter>Classes\External\tao\pegtl</Filter>
    </ClInclude>
    <ClInclude Include="..\..\Classes\External\tao\pegtl\internal\has_match.hpp">
      <Filter>Classes\External\tao\pegtl</Filter>
    </ClInclude>
    <ClInclude Include="..\..\Classes\External\tao\pegtl\internal\has_unwind.hpp">
      <Filter>Classes\External\tao\pegtl</Filter>
    </ClInclude>
    <ClInclude Include="..\..\Classes\External\tao\pegtl\internal\identifier.hpp">
      <Filter>Classes\External\tao\pegtl</Filter>
    </ClInclude>
    <ClInclude Include="..\..\Classes\External\tao\pegtl\internal\if_apply.hpp">
      <Filter>Classes\External\tao\pegtl</Filter>
    </ClInclude>
    <ClInclude Include="..\..\Classes\External\tao\pegtl\internal\if_must.hpp">
      <Filter>Classes\External\tao\pegtl</Filter>
    </ClInclude>
    <ClInclude Include="..\..\Classes\External\tao\pegtl\internal\if_must_else.hpp">
      <Filter>Classes\External\tao\pegtl</Filter>
    </ClInclude>
    <ClInclude Include="..\..\Classes\External\tao\pegtl\internal\if_then_else.hpp">
      <Filter>Classes\External\tao\pegtl</Filter>
    </ClInclude>
    <ClInclude Include="..\..\Classes\External\tao\pegtl\internal\input_pair.hpp">
      <Filter>Classes\External\tao\pegtl</Filter>
    </ClInclude>
    <ClInclude Include="..\..\Classes\External\tao\pegtl\internal\istream_reader.hpp">
      <Filter>Classes\External\tao\pegtl</Filter>
    </ClInclude>
    <ClInclude Include="..\..\Classes\External\tao\pegtl\internal\istring.hpp">
      <Filter>Classes\External\tao\pegtl</Filter>
    </ClInclude>
    <ClInclude Include="..\..\Classes\External\tao\pegtl\internal\iterator.hpp">
      <Filter>Classes\External\tao\pegtl</Filter>
    </ClInclude>
    <ClInclude Include="..\..\Classes\External\tao\pegtl\internal\lf_crlf_eol.hpp">
      <Filter>Classes\External\tao\pegtl</Filter>
    </ClInclude>
    <ClInclude Include="..\..\Classes\External\tao\pegtl\internal\lf_eol.hpp">
      <Filter>Classes\External\tao\pegtl</Filter>
    </ClInclude>
    <ClInclude Include="..\..\Classes\External\tao\pegtl\internal\list.hpp">
      <Filter>Classes\External\tao\pegtl</Filter>
    </ClInclude>
    <ClInclude Include="..\..\Classes\External\tao\pegtl\internal\list_must.hpp">
      <Filter>Classes\External\tao\pegtl</Filter>
    </ClInclude>
    <ClInclude Include="..\..\Classes\External\tao\pegtl\internal\list_tail.hpp">
      <Filter>Classes\External\tao\pegtl</Filter>
    </ClInclude>
    <ClInclude Include="..\..\Classes\External\tao\pegtl\internal\list_tail_pad.hpp">
      <Filter>Classes\External\tao\pegtl</Filter>
    </ClInclude>
    <ClInclude Include="..\..\Classes\External\tao\pegtl\internal\marker.hpp">
      <Filter>Classes\External\tao\pegtl</Filter>
    </ClInclude>
    <ClInclude Include="..\..\Classes\External\tao\pegtl\internal\minus.hpp">
      <Filter>Classes\External\tao\pegtl</Filter>
    </ClInclude>
    <ClInclude Include="..\..\Classes\External\tao\pegtl\internal\missing_apply.hpp">
      <Filter>Classes\External\tao\pegtl</Filter>
    </ClInclude>
    <ClInclude Include="..\..\Classes\External\tao\pegtl\internal\missing_apply0.hpp">
      <Filter>Classes\External\tao\pegtl</Filter>
    </ClInclude>
    <ClInclude Include="..\..\Classes\External\tao\pegtl\internal\must.hpp">
      <Filter>Classes\External\tao\pegtl</Filter>
    </ClInclude>
    <ClInclude Include="..\..\Classes\External\tao\pegtl\internal\not_at.hpp">
      <Filter>Classes\External\tao\pegtl</Filter>
    </ClInclude>
    <ClInclude Include="..\..\Classes\External\tao\pegtl\internal\one.hpp">
      <Filter>Classes\External\tao\pegtl</Filter>
    </ClInclude>
    <ClInclude Include="..\..\Classes\External\tao\pegtl\internal\opt.hpp">
      <Filter>Classes\External\tao\pegtl</Filter>
    </ClInclude>
    <ClInclude Include="..\..\Classes\External\tao\pegtl\internal\pad.hpp">
      <Filter>Classes\External\tao\pegtl</Filter>
    </ClInclude>
    <ClInclude Include="..\..\Classes\External\tao\pegtl\internal\pad_opt.hpp">
      <Filter>Classes\External\tao\pegtl</Filter>
    </ClInclude>
    <ClInclude Include="..\..\Classes\External\tao\pegtl\internal\path_to_string.hpp">
      <Filter>Classes\External\tao\pegtl</Filter>
    </ClInclude>
    <ClInclude Include="..\..\Classes\External\tao\pegtl\internal\peek_char.hpp">
      <Filter>Classes\External\tao\pegtl</Filter>
    </ClInclude>
    <ClInclude Include="..\..\Classes\External\tao\pegtl\internal\peek_utf8.hpp">
      <Filter>Classes\External\tao\pegtl</Filter>
    </ClInclude>
    <ClInclude Include="..\..\Classes\External\tao\pegtl\internal\pegtl_string.hpp">
      <Filter>Classes\External\tao\pegtl</Filter>
    </ClInclude>
    <ClInclude Include="..\..\Classes\External\tao\pegtl\internal\plus.hpp">
      <Filter>Classes\External\tao\pegtl</Filter>
    </ClInclude>
    <ClInclude Include="..\..\Classes\External\tao\pegtl\internal\raise.hpp">
      <Filter>Classes\External\tao\pegtl</Filter>
    </ClInclude>
    <ClInclude Include="..\..\Classes\External\tao\pegtl\internal\range.hpp">
      <Filter>Classes\External\tao\pegtl</Filter>
    </ClInclude>
    <ClInclude Include="..\..\Classes\External\tao\pegtl\internal\ranges.hpp">
      <Filter>Classes\External\tao\pegtl</Filter>
    </ClInclude>
    <ClInclude Include="..\..\Classes\External\tao\pegtl\internal\rematch.hpp">
      <Filter>Classes\External\tao\pegtl</Filter>
    </ClInclude>
    <ClInclude Include="..\..\Classes\External\tao\pegtl\internal\rep.hpp">
      <Filter>Classes\External\tao\pegtl</Filter>
    </ClInclude>
    <ClInclude Include="..\..\Classes\External\tao\pegtl\internal\rep_min.hpp">
      <Filter>Classes\External\tao\pegtl</Filter>
    </ClInclude>
    <ClInclude Include="..\..\Classes\External\tao\pegtl\internal\rep_min_max.hpp">
      <Filter>Classes\External\tao\pegtl</Filter>
    </ClInclude>
    <ClInclude Include="..\..\Classes\External\tao\pegtl\internal\rep_opt.hpp">
      <Filter>Classes\External\tao\pegtl</Filter>
    </ClInclude>
    <ClInclude Include="..\..\Classes\External\tao\pegtl\internal\require.hpp">
      <Filter>Classes\External\tao\pegtl</Filter>
    </ClInclude>
    <ClInclude Include="..\..\Classes\External\tao\pegtl\internal\result_on_found.hpp">
      <Filter>Classes\External\tao\pegtl</Filter>
    </ClInclude>
    <ClInclude Include="..\..\Classes\External\tao\pegtl\internal\rules.hpp">
      <Filter>Classes\External\tao\pegtl</Filter>
    </ClInclude>
    <ClInclude Include="..\..\Classes\External\tao\pegtl\internal\seq.hpp">
      <Filter>Classes\External\tao\pegtl</Filter>
    </ClInclude>
    <ClInclude Include="..\..\Classes\External\tao\pegtl\internal\sor.hpp">
      <Filter>Classes\External\tao\pegtl</Filter>
    </ClInclude>
    <ClInclude Include="..\..\Classes\External\tao\pegtl\internal\star.hpp">
      <Filter>Classes\External\tao\pegtl</Filter>
    </ClInclude>
    <ClInclude Include="..\..\Classes\External\tao\pegtl\internal\star_must.hpp">
      <Filter>Classes\External\tao\pegtl</Filter>
    </ClInclude>
    <ClInclude Include="..\..\Classes\External\tao\pegtl\internal\state.hpp">
      <Filter>Classes\External\tao\pegtl</Filter>
    </ClInclude>
    <ClInclude Include="..\..\Classes\External\tao\pegtl\internal\string.hpp">
      <Filter>Classes\External\tao\pegtl</Filter>
    </ClInclude>
    <ClInclude Include="..\..\Classes\External\tao\pegtl\internal\success.hpp">
      <Filter>Classes\External\tao\pegtl</Filter>
    </ClInclude>
    <ClInclude Include="..\..\Classes\External\tao\pegtl\internal\try_catch_type.hpp">
      <Filter>Classes\External\tao\pegtl</Filter>
    </ClInclude>
    <ClInclude Include="..\..\Classes\External\tao\pegtl\internal\until.hpp">
      <Filter>Classes\External\tao\pegtl</Filter>
    </ClInclude>
    <ClInclude Include="..\..\Classes\External\tao\pegtl\istream_input.hpp">
      <Filter>Classes\External\tao\pegtl</Filter>
    </ClInclude>
    <ClInclude Include="..\..\Classes\External\tao\pegtl\match.hpp">
      <Filter>Classes\External\tao\pegtl</Filter>
    </ClInclude>
    <ClInclude Include="..\..\Classes\External\tao\pegtl\memory_input.hpp">
      <Filter>Classes\External\tao\pegtl</Filter>
    </ClInclude>
    <ClInclude Include="..\..\Classes\External\tao\pegtl\mmap_input.hpp">
      <Filter>Classes\External\tao\pegtl</Filter>
    </ClInclude>
    <ClInclude Include="..\..\Classes\External\tao\pegtl\must_if.hpp">
      <Filter>Classes\External\tao\pegtl</Filter>
    </ClInclude>
    <ClInclude Include="..\..\Classes\External\tao\pegtl\normal.hpp">
      <Filter>Classes\External\tao\pegtl</Filter>
    </ClInclude>
    <ClInclude Include="..\..\Classes\External\tao\pegtl\nothing.hpp">
      <Filter>Classes\External\tao\pegtl</Filter>
    </ClInclude>
    <ClInclude Include="..\..\Classes\External\tao\pegtl\parse.hpp">
      <Filter>Classes\External\tao\pegtl</Filter>
    </ClInclude>
    <ClInclude Include="..\..\Classes\External\tao\pegtl\parse_error.hpp">
      <Filter>Classes\External\tao\pegtl</Filter>
    </ClInclude>
    <ClInclude Include="..\..\Classes\External\tao\pegtl\position.hpp">
      <Filter>Classes\External\tao\pegtl</Filter>
    </ClInclude>
    <ClInclude Include="..\..\Classes\External\tao\pegtl\read_input.hpp">
      <Filter>Classes\External\tao\pegtl</Filter>
    </ClInclude>
    <ClInclude Include="..\..\Classes\External\tao\pegtl\require_apply.hpp">
      <Filter>Classes\External\tao\pegtl</Filter>
    </ClInclude>
    <ClInclude Include="..\..\Classes\External\tao\pegtl\require_apply0.hpp">
      <Filter>Classes\External\tao\pegtl</Filter>
    </ClInclude>
    <ClInclude Include="..\..\Classes\External\tao\pegtl\rewind_mode.hpp">
      <Filter>Classes\External\tao\pegtl</Filter>
    </ClInclude>
    <ClInclude Include="..\..\Classes\External\tao\pegtl\rules.hpp">
      <Filter>Classes\External\tao\pegtl</Filter>
    </ClInclude>
    <ClInclude Include="..\..\Classes\External\tao\pegtl\string_input.hpp">
      <Filter>Classes\External\tao\pegtl</Filter>
    </ClInclude>
    <ClInclude Include="..\..\Classes\External\tao\pegtl\tracking_mode.hpp">
      <Filter>Classes\External\tao\pegtl</Filter>
    </ClInclude>
    <ClInclude Include="..\..\Classes\External\tao\pegtl\type_list.hpp">
      <Filter>Classes\External\tao\pegtl</Filter>
    </ClInclude>
    <ClInclude Include="..\..\Classes\External\tao\pegtl\utf8.hpp">
      <Filter>Classes\External\tao\pegtl</Filter>
    </ClInclude>
    <ClInclude Include="..\..\Classes\External\tao\pegtl\version.hpp">
      <Filter>Classes\External\tao\pegtl</Filter>
    </ClInclude>
    <ClInclude Include="..\..\Classes\External\tao\pegtl\visit.hpp">
      <Filter>Classes\External\tao\pegtl</Filter>
    </ClInclude>
    <ClInclude Include="..\..\Classes\Windy\SaveManager.h">
      <Filter>Classes\Windy</Filter>
    </ClInclude>
    <ClInclude Include="..\..\Classes\Game\BossIntroScene.h">
      <Filter>Classes\Game</Filter>
    </ClInclude>
    <ClInclude Include="..\..\Classes\Windy\InfiniteParallax.h">
      <Filter>Classes\Windy</Filter>
    </ClInclude>
    <ClInclude Include="..\..\Classes\Game\Intro.h">
      <Filter>Classes\Game</Filter>
    </ClInclude>
    <ClInclude Include="..\..\Classes\Windy\Level.h">
      <Filter>Classes\Windy</Filter>
    </ClInclude>
    <ClInclude Include="..\..\Classes\Windy\Entities\Logical.h">
      <Filter>Classes\Windy\Entities</Filter>
    </ClInclude>
    <ClInclude Include="..\..\Classes\Windy\Entities\Block.h">
      <Filter>Classes\Windy\Entities</Filter>
    </ClInclude>
    <ClInclude Include="..\..\Classes\Windy\Entities\Camera.h">
      <Filter>Classes\Windy\Entities</Filter>
    </ClInclude>
    <ClInclude Include="..\..\Classes\Windy\Entities\Checkpoint.h">
      <Filter>Classes\Windy\Entities</Filter>
    </ClInclude>
    <ClInclude Include="..\..\Classes\Windy\Entities\Door.h">
      <Filter>Classes\Windy\Entities</Filter>
    </ClInclude>
    <ClInclude Include="..\..\Classes\Windy\Armature.h">
      <Filter>Classes\Windy</Filter>
    </ClInclude>
    <ClInclude Include="..\..\Classes\Windy\Entities\Bounds.h">
      <Filter>Classes\Windy\Entities</Filter>
    </ClInclude>
    <ClInclude Include="..\..\Classes\Windy\Entities\Player.h">
      <Filter>Classes\Windy\Entities</Filter>
    </ClInclude>
    <ClInclude Include="..\..\Classes\Windy\Entities\CameraScroll.h">
      <Filter>Classes\Windy\Entities</Filter>
    </ClInclude>
    <ClInclude Include="..\..\Classes\Windy\DebugDrawNode.h">
      <Filter>Classes\Windy</Filter>
    </ClInclude>
    <ClInclude Include="..\..\Classes\Windy\PhysicsWorld.h">
      <Filter>Classes\Windy</Filter>
    </ClInclude>
    <ClInclude Include="..\..\Classes\Windy\GeometryExtensions.h">
      <Filter>Classes\Windy</Filter>
    </ClInclude>
    <ClInclude Include="..\..\Classes\Windy\Entities\Browner.h">
      <Filter>Classes\Windy\Entities</Filter>
    </ClInclude>
    <ClInclude Include="..\..\Classes\Windy\Entities\Browners.h">
      <Filter>Classes\Windy\Entities</Filter>
    </ClInclude>
    <ClInclude Include="..\..\Classes\Windy\Entities\Ladder.h">
      <Filter>Classes\Windy\Entities</Filter>
    </ClInclude>
    <ClInclude Include="..\..\Classes\Windy\Entities\Weapon.h">
      <Filter>Classes\Windy\Entities</Filter>
    </ClInclude>
    <ClInclude Include="..\..\Classes\Windy\ObjectManager.h">
      <Filter>Classes\Windy</Filter>
    </ClInclude>
    <ClInclude Include="..\..\Classes\Windy\LandscapeTile.h">
      <Filter>Classes\Windy</Filter>
    </ClInclude>
    <ClInclude Include="..\..\Classes\Windy\Entities\Enemy.h">
      <Filter>Classes\Windy\Entities</Filter>
    </ClInclude>
    <ClInclude Include="..\..\Classes\Windy\Entities\Item.h">
      <Filter>Classes\Windy\Entities</Filter>
    </ClInclude>
    <ClInclude Include="..\..\Classes\Windy\Entities\ObjectEntry.h">
      <Filter>Classes\Windy\Entities</Filter>
    </ClInclude>
    <ClInclude Include="..\..\Classes\Windy\EntityFactory.h">
      <Filter>Classes\Windy</Filter>
    </ClInclude>
    <ClInclude Include="..\..\Classes\Game\Entities\Special\GameHorizontalDoor.h">
      <Filter>Classes\Game\Entities\Special</Filter>
    </ClInclude>
    <ClInclude Include="..\..\Classes\Game\Entities\Player\GamePlayer.h">
      <Filter>Classes\Game\Entities\Player</Filter>
    </ClInclude>
    <ClInclude Include="..\..\Classes\Game\Entities\Player\VioletBrowner.h">
      <Filter>Classes\Game\Entities\Player</Filter>
    </ClInclude>
    <ClInclude Include="..\..\Classes\Game\Entities\Weapons\DirectionalBullet.h">
      <Filter>Classes\Game\Entities\Weapons</Filter>
    </ClInclude>
    <ClInclude Include="..\..\Classes\Game\Entities\Weapons\VioletBullet.h">
      <Filter>Classes\Game\Entities\Weapons</Filter>
    </ClInclude>
    <ClInclude Include="..\..\Classes\Game\Entities\Items\GameItem.h">
      <Filter>Classes\Game\Entities\Items</Filter>
    </ClInclude>
    <ClInclude Include="..\..\Classes\Game\Entities\Special\GameVerticalDoor.h">
      <Filter>Classes\Game\Entities\Special</Filter>
    </ClInclude>
    <ClInclude Include="..\..\Classes\Game\Entities\Enemies\GameEnemy.h">
      <Filter>Classes\Game\Entities\Enemies</Filter>
    </ClInclude>
    <ClInclude Include="..\..\Classes\Game\Entities\Enemies\Common\CannonJoe.h">
      <Filter>Classes\Game\Entities\Enemies\Common</Filter>
    </ClInclude>
    <ClInclude Include="..\..\Classes\Game\Entities\Enemies\Sheriff\Tremor.h">
      <Filter>Classes\Game\Entities\Enemies\Sheriff</Filter>
    </ClInclude>
    <ClInclude Include="..\..\Classes\Game\Entities\Enemies\Sheriff\TremorTail.h">
      <Filter>Classes\Game\Entities\Enemies\Sheriff</Filter>
    </ClInclude>
    <ClInclude Include="..\..\Classes\Game\Entities\Weapons\TremorDrill.h">
      <Filter>Classes\Game\Entities\Weapons</Filter>
    </ClInclude>
    <ClInclude Include="..\..\Classes\Game\Entities\Weapons\TremorLaser.h">
      <Filter>Classes\Game\Entities\Weapons</Filter>
    </ClInclude>
    <ClInclude Include="..\..\Classes\Game\Entities\Enemies\Common\Sumatran.h">
      <Filter>Classes\Game\Entities\Enemies\Common</Filter>
    </ClInclude>
    <ClInclude Include="..\..\Classes\Game\Entities\Enemies\Common\Subeil.h">
      <Filter>Classes\Game\Entities\Enemies\Common</Filter>
    </ClInclude>
    <ClInclude Include="..\..\Classes\Game\Entities\Enemies\Common\Lyric.h">
      <Filter>Classes\Game\Entities\Enemies\Common</Filter>
    </ClInclude>
    <ClInclude Include="..\..\Classes\Game\Entities\Enemies\Common\Taban.h">
      <Filter>Classes\Game\Entities\Enemies\Common</Filter>
    </ClInclude>
    <ClInclude Include="..\..\Classes\Game\Entities\Enemies\Sheriff\Cow.h">
      <Filter>Classes\Game\Entities\Enemies\Sheriff</Filter>
    </ClInclude>
    <ClInclude Include="..\..\Classes\Game\Entities\Enemies\Sheriff\Barrel.h">
      <Filter>Classes\Game\Entities\Enemies\Sheriff</Filter>
    </ClInclude>
    <ClInclude Include="..\..\Classes\Game\Entities\Enemies\Sheriff\JetBird.h">
      <Filter>Classes\Game\Entities\Enemies\Sheriff</Filter>
    </ClInclude>
    <ClInclude Include="..\..\Classes\Windy\Entities\Scroll.h">
      <Filter>Classes\Windy\Entities</Filter>
    </ClInclude>
    <ClInclude Include="..\..\Classes\Windy\Entities\BarMeter.h">
      <Filter>Classes\Windy\Entities</Filter>
    </ClInclude>
    <ClInclude Include="..\..\Classes\Windy\Entities\Gui.h">
      <Filter>Classes\Windy\Entities</Filter>
    </ClInclude>
    <ClInclude Include="..\..\Classes\Game\Entities\UI\EnergyBar.h">
      <Filter>Classes\Game\Entities\UI</Filter>
    </ClInclude>
    <ClInclude Include="..\..\Classes\Game\Entities\UI\GameGui.h">
      <Filter>Classes\Game\Entities\UI</Filter>
    </ClInclude>
    <ClInclude Include="..\..\Classes\Game\Entities\Scenery\Sheriff\Disk.h">
      <Filter>Classes\Game\Entities\Scenery\Sheriff</Filter>
    </ClInclude>
    <ClInclude Include="..\..\Classes\Game\Entities\Scenery\General\GameExplosion.h">
      <Filter>Classes\Game\Entities\Scenery\General</Filter>
    </ClInclude>
    <ClInclude Include="..\..\Classes\Windy\Entities\Animation.h">
      <Filter>Classes\Windy\Entities</Filter>
    </ClInclude>
    <ClInclude Include="..\..\Classes\Windy\Entities\Explosion.h">
      <Filter>Classes\Windy\Entities</Filter>
    </ClInclude>
    <ClInclude Include="..\..\Classes\Windy\Entities\LevelController.h">
      <Filter>Classes\Windy\Entities</Filter>
    </ClInclude>
    <ClInclude Include="..\..\Classes\Game\Entities\Logic\GameLevelController.h">
      <Filter>Classes\Game\Entities\Logic</Filter>
    </ClInclude>
    <ClInclude Include="..\..\Classes\Windy\Entities\Teleporter.h">
      <Filter>Classes\Windy\Entities</Filter>
    </ClInclude>
    <ClInclude Include="..\..\Classes\Game\Entities\Player\HelmetBrowner.h">
      <Filter>Classes\Game\Entities\Player</Filter>
    </ClInclude>
    <ClInclude Include="..\..\Classes\Game\Entities\Player\TeleportBrowner.h">
      <Filter>Classes\Game\Entities\Player</Filter>
    </ClInclude>
    <ClInclude Include="..\..\Classes\Windy\Entities\Boss.h">
      <Filter>Classes\Windy\Entities</Filter>
    </ClInclude>
    <ClInclude Include="..\..\Classes\Game\Entities\Boss\SheriffMan.h">
      <Filter>Classes\Game\Entities\Boss</Filter>
    </ClInclude>
    <ClInclude Include="..\..\Classes\Game\Entities\Boss\GameBoss.h">
      <Filter>Classes\Game\Entities\Boss</Filter>
    </ClInclude>
    <ClInclude Include="..\..\Classes\Game\Entities\Player\SheriffBrowner.h">
      <Filter>Classes\Game\Entities\Player</Filter>
    </ClInclude>
    <ClInclude Include="..\..\Classes\Game\Entities\UI\Pause\PauseInterruptor.h">
      <Filter>Classes\Game\Entities\UI\Pause</Filter>
    </ClInclude>
    <ClInclude Include="..\..\Classes\Game\Entities\UI\Pause\PauseSelector.h">
      <Filter>Classes\Game\Entities\UI\Pause</Filter>
    </ClInclude>
    <ClInclude Include="..\..\Classes\Game\Entities\UI\Pause\PauseAnimation.h">
      <Filter>Classes\Game\Entities\UI\Pause</Filter>
    </ClInclude>
    <ClInclude Include="..\..\Classes\Game\Entities\UI\Pause\PauseMenu.h">
      <Filter>Classes\Game\Entities\UI\Pause</Filter>
    </ClInclude>
    <ClInclude Include="..\..\Classes\Game\Entities\Items\ItemFlags.h">
      <Filter>Classes\Game\Entities\Items</Filter>
    </ClInclude>
    <ClInclude Include="..\..\Classes\Game\Entities\Player\ExtremeBrowner.h">
      <Filter>Classes\Game\Entities\Player</Filter>
    </ClInclude>
    <ClInclude Include="..\..\Classes\Game\Entities\Weapons\ExtremeBullet.h">
      <Filter>Classes\Game\Entities\Weapons</Filter>
    </ClInclude>
    <ClInclude Include="..\..\Classes\Game\Entities\Weapons\SheriffBullet.h">
      <Filter>Classes\Game\Entities\Weapons</Filter>
    </ClInclude>
    <ClInclude Include="..\..\Classes\Windy\Entities\Passage.h">
      <Filter>Classes\Windy\Entities</Filter>
    </ClInclude>
    <ClInclude Include="..\..\Classes\Game\GameOverScene.h">
      <Filter>Classes\Game</Filter>
    </ClInclude>
    <ClInclude Include="..\..\Classes\Game\Entities\Enemies\Military\RollRunner.h">
      <Filter>Classes\Game\Entities\Enemies\Military</Filter>
    </ClInclude>
  </ItemGroup>
  <ItemGroup>
    <AppxManifest Include="Package.appxmanifest" />
  </ItemGroup>
  <ItemGroup>
    <None Include="NinosFuture_TemporaryKey.pfx" />
    <None Include="$(AngleBinPath)libEGL.dll" />
    <None Include="$(AngleBinPath)libGLESv2.dll" />
    <None Include="$(SQLiteBinPath)sqlite3.dll" />
    <None Include="$(CurlBinPath)libcurl.dll" />
    <None Include="$(ZLibBinPath)zlib1.dll" />
    <None Include="$(OpenSSLBinPath)libeay32.dll" />
    <None Include="$(OpenSSLBinPath)ssleay32.dll" />
    <None Include="$(OggBinPath)ogg.dll" />
    <None Include="$(OggBinPath)vorbis.dll" />
    <None Include="$(OggBinPath)vorbisfile.dll" />
    <None Include="$(WebsocketsBinPath)websockets.dll" />
  </ItemGroup>
  <ItemGroup>
    <Page Include="Cocos2dEngine\OpenGLESPage.xaml">
      <Filter>Cocos2dEngine</Filter>
    </Page>
  </ItemGroup>
  <ItemGroup>
    <Image Include="Assets\LockScreenLogo.scale-200.png">
      <Filter>Assets</Filter>
    </Image>
    <Image Include="Assets\SplashScreen.scale-200.png">
      <Filter>Assets</Filter>
    </Image>
    <Image Include="Assets\Square44x44Logo.scale-200.png">
      <Filter>Assets</Filter>
    </Image>
    <Image Include="Assets\Square44x44Logo.targetsize-24_altform-unplated.png">
      <Filter>Assets</Filter>
    </Image>
    <Image Include="Assets\Square150x150Logo.scale-200.png">
      <Filter>Assets</Filter>
    </Image>
    <Image Include="Assets\StoreLogo.png">
      <Filter>Assets</Filter>
    </Image>
    <Image Include="Assets\Wide310x150Logo.scale-200.png">
      <Filter>Assets</Filter>
    </Image>
  </ItemGroup>
</Project>